// !$*UTF8*$!
{
	archiveVersion = 1;
	classes = {
	};
	objectVersion = 51;
	objects = {

/* Begin PBXBuildFile section */
		121B5DF966C286A163AFF1F5 /* Pods_FelineFinder.framework in Frameworks */ = {isa = PBXBuildFile; fileRef = 8CF9DEF001F3F2C9D58A55E3 /* Pods_FelineFinder.framework */; };
		C500E6B726CE26B1005FDFC3 /* ZipCodeAPI.swift in Sources */ = {isa = PBXBuildFile; fileRef = C500E6B626CE26B1005FDFC3 /* ZipCodeAPI.swift */; };
		C5179BA325647D84005EC381 /* PopAnimator.swift in Sources */ = {isa = PBXBuildFile; fileRef = C5179BA225647D84005EC381 /* PopAnimator.swift */; };
		C51CBD4A25817299006B2D12 /* FavoritesViewController.swift in Sources */ = {isa = PBXBuildFile; fileRef = C51CBD4925817299006B2D12 /* FavoritesViewController.swift */; };
		C51E1AC9255EC61F00167D15 /* Toolbar.swift in Sources */ = {isa = PBXBuildFile; fileRef = C51E1AC8255EC61F00167D15 /* Toolbar.swift */; };
		C51E1ACE255EC63600167D15 /* PercentBarView.swift in Sources */ = {isa = PBXBuildFile; fileRef = C51E1ACB255EC63500167D15 /* PercentBarView.swift */; };
		C51E1ACF255EC63600167D15 /* GraphView.swift in Sources */ = {isa = PBXBuildFile; fileRef = C51E1ACC255EC63600167D15 /* GraphView.swift */; };
		C51E1AD0255EC63600167D15 /* GraphXAxisView.swift in Sources */ = {isa = PBXBuildFile; fileRef = C51E1ACD255EC63600167D15 /* GraphXAxisView.swift */; };
		C51E1AD4255EC66500167D15 /* GradientCollectionViewCell.swift in Sources */ = {isa = PBXBuildFile; fileRef = C51E1AD2255EC66500167D15 /* GradientCollectionViewCell.swift */; };
		C51E1AD5255EC66500167D15 /* MultiRowGradientLayout.swift in Sources */ = {isa = PBXBuildFile; fileRef = C51E1AD3255EC66500167D15 /* MultiRowGradientLayout.swift */; };
		C528F511265608BB00F49BF5 /* PaginationView.swift in Sources */ = {isa = PBXBuildFile; fileRef = C528F50E265608BB00F49BF5 /* PaginationView.swift */; };
		C528F512265608BB00F49BF5 /* CardView.swift in Sources */ = {isa = PBXBuildFile; fileRef = C528F50F265608BB00F49BF5 /* CardView.swift */; };
		C528F513265608BB00F49BF5 /* CardStackView.swift in Sources */ = {isa = PBXBuildFile; fileRef = C528F510265608BB00F49BF5 /* CardStackView.swift */; };
		C528F51526560A9B00F49BF5 /* BreedCardsViewController.swift in Sources */ = {isa = PBXBuildFile; fileRef = C528F51426560A9B00F49BF5 /* BreedCardsViewController.swift */; };
		C52C82BD25AFAA42006633CD /* FilterSectionLabelTableViewCell.swift in Sources */ = {isa = PBXBuildFile; fileRef = C52C82BC25AFAA42006633CD /* FilterSectionLabelTableViewCell.swift */; };
		C52C82C025AFAB29006633CD /* FilterOptionTableViewCell.swift in Sources */ = {isa = PBXBuildFile; fileRef = C52C82BF25AFAB29006633CD /* FilterOptionTableViewCell.swift */; };
		C52C82C325AFB124006633CD /* OptionLabelCell.swift in Sources */ = {isa = PBXBuildFile; fileRef = C52C82C225AFB124006633CD /* OptionLabelCell.swift */; };
		C52C82C625AFB1AA006633CD /* OptionValueCell.swift in Sources */ = {isa = PBXBuildFile; fileRef = C52C82C525AFB1AA006633CD /* OptionValueCell.swift */; };
		C530481E25A2533B0071A32C /* AdoptableHeaderTableViewCell.swift in Sources */ = {isa = PBXBuildFile; fileRef = C530481D25A2533B0071A32C /* AdoptableHeaderTableViewCell.swift */; };
		C530482125A255C10071A32C /* AdoptableDescriptionTableViewCell.swift in Sources */ = {isa = PBXBuildFile; fileRef = C530482025A255C10071A32C /* AdoptableDescriptionTableViewCell.swift */; };
		C53DCE6525FAF8DB004011EC /* BreedsViewController.swift in Sources */ = {isa = PBXBuildFile; fileRef = C53DCE6425FAF8DB004011EC /* BreedsViewController.swift */; };
		C53DCE7625FAFCBA004011EC /* BreedTableViewCell.swift in Sources */ = {isa = PBXBuildFile; fileRef = C53DCE7525FAFCBA004011EC /* BreedTableViewCell.swift */; };
		C53DCE8825FBFC51004011EC /* SearchTimer.swift in Sources */ = {isa = PBXBuildFile; fileRef = C53DCE8725FBFC50004011EC /* SearchTimer.swift */; };
		C566D47F25AFF3520087412F /* TextFieldWithImage.swift in Sources */ = {isa = PBXBuildFile; fileRef = C566D47E25AFF3520087412F /* TextFieldWithImage.swift */; };
		C56BD72126B30AA700E0E63D /* SurveyPageViewController.swift in Sources */ = {isa = PBXBuildFile; fileRef = C56BD72026B30AA700E0E63D /* SurveyPageViewController.swift */; };
		C56BD72426B315EB00E0E63D /* QuestionScaleViewController.swift in Sources */ = {isa = PBXBuildFile; fileRef = C56BD72326B315EB00E0E63D /* QuestionScaleViewController.swift */; };
		C56E7047257BB67A00AAD927 /* FelineFinder-Info.plist in Resources */ = {isa = PBXBuildFile; fileRef = C56E7046257BB67A00AAD927 /* FelineFinder-Info.plist */; };
		C57BE7F9255C707500C89D76 /* AdoptableCatsDetailViewController.swift in Sources */ = {isa = PBXBuildFile; fileRef = C57BE7F8255C707500C89D76 /* AdoptableCatsDetailViewController.swift */; };
		C57BE807255C96AD00C89D76 /* toolCell.swift in Sources */ = {isa = PBXBuildFile; fileRef = C57BE806255C96AD00C89D76 /* toolCell.swift */; };
		C57BE80A255C96C900C89D76 /* mediaCell.swift in Sources */ = {isa = PBXBuildFile; fileRef = C57BE809255C96C900C89D76 /* mediaCell.swift */; };
		C57D50DC256DD19E00D0842B /* MainBreedCollectionViewController.swift in Sources */ = {isa = PBXBuildFile; fileRef = C57D50DB256DD19E00D0842B /* MainBreedCollectionViewController.swift */; };
		C57D50DF256DDC1400D0842B /* MainBreedCollectionViewCell.swift in Sources */ = {isa = PBXBuildFile; fileRef = C57D50DE256DDC1400D0842B /* MainBreedCollectionViewCell.swift */; };
		C57D50E2256DDE1B00D0842B /* BreedSectionHeaderCollectionReusableView.swift in Sources */ = {isa = PBXBuildFile; fileRef = C57D50E1256DDE1B00D0842B /* BreedSectionHeaderCollectionReusableView.swift */; };
		C57D50E5256EB70900D0842B /* BreedHeadshotCartoons.xcassets in Resources */ = {isa = PBXBuildFile; fileRef = C57D50E4256EB70900D0842B /* BreedHeadshotCartoons.xcassets */; };
		C57D50EE256ED53700D0842B /* BreedInfoViewController.swift in Sources */ = {isa = PBXBuildFile; fileRef = C57D50ED256ED53700D0842B /* BreedInfoViewController.swift */; };
		C57D50F2256ED55000D0842B /* BreedStatsViewController.swift in Sources */ = {isa = PBXBuildFile; fileRef = C57D50F1256ED55000D0842B /* BreedStatsViewController.swift */; };
		C57D50F8256ED58100D0842B /* BreedGalleryViewController.swift in Sources */ = {isa = PBXBuildFile; fileRef = C57D50F7256ED58100D0842B /* BreedGalleryViewController.swift */; };
		C57D50FF256ED61700D0842B /* BreedDetailViewController.swift in Sources */ = {isa = PBXBuildFile; fileRef = C57D50FE256ED61700D0842B /* BreedDetailViewController.swift */; };
		C57D5110256EFB1700D0842B /* Breed Photos Full.xcassets in Resources */ = {isa = PBXBuildFile; fileRef = C57D510F256EFB1600D0842B /* Breed Photos Full.xcassets */; };
		C57D511D256FC5C800D0842B /* BreedVideoCollectionViewCell.swift in Sources */ = {isa = PBXBuildFile; fileRef = C57D511C256FC5C700D0842B /* BreedVideoCollectionViewCell.swift */; };
		C57E5740255BAF9B00120018 /* Main.storyboard in Resources */ = {isa = PBXBuildFile; fileRef = C57E573E255BAF9B00120018 /* Main.storyboard */; };
		C57E5742255BAF9D00120018 /* Assets.xcassets in Resources */ = {isa = PBXBuildFile; fileRef = C57E5741255BAF9D00120018 /* Assets.xcassets */; };
		C57E5745255BAF9D00120018 /* LaunchScreen.storyboard in Resources */ = {isa = PBXBuildFile; fileRef = C57E5743255BAF9D00120018 /* LaunchScreen.storyboard */; };
		C57E5764255BB26F00120018 /* ZoomViewControler.swift in Sources */ = {isa = PBXBuildFile; fileRef = C57E5763255BB26F00120018 /* ZoomViewControler.swift */; };
		C57E576A255BB28B00120018 /* CatLogoLayer.swift in Sources */ = {isa = PBXBuildFile; fileRef = C57E5769255BB28B00120018 /* CatLogoLayer.swift */; };
		C57E5DF8255BB49A00120018 /* good_with_children.gif in Resources */ = {isa = PBXBuildFile; fileRef = C57E5DE7255BB49600120018 /* good_with_children.gif */; };
		C57E5DF9255BB49A00120018 /* autonomy_old.gif in Resources */ = {isa = PBXBuildFile; fileRef = C57E5DE8255BB49600120018 /* autonomy_old.gif */; };
		C57E5DFA255BB49A00120018 /* grooming.gif in Resources */ = {isa = PBXBuildFile; fileRef = C57E5DE9255BB49700120018 /* grooming.gif */; };
		C57E5DFB255BB49A00120018 /* hair2.gif in Resources */ = {isa = PBXBuildFile; fileRef = C57E5DEA255BB49700120018 /* hair2.gif */; };
		C57E5DFC255BB49A00120018 /* size.gif in Resources */ = {isa = PBXBuildFile; fileRef = C57E5DEB255BB49700120018 /* size.gif */; };
		C57E5DFD255BB49A00120018 /* smartcat.gif in Resources */ = {isa = PBXBuildFile; fileRef = C57E5DEC255BB49700120018 /* smartcat.gif */; };
		C57E5DFE255BB49A00120018 /* catpaws.png in Resources */ = {isa = PBXBuildFile; fileRef = C57E5DED255BB49700120018 /* catpaws.png */; };
		C57E5DFF255BB49A00120018 /* catpaws2.png in Resources */ = {isa = PBXBuildFile; fileRef = C57E5DEE255BB49800120018 /* catpaws2.png */; };
		C57E5E00255BB49A00120018 /* petting.gif in Resources */ = {isa = PBXBuildFile; fileRef = C57E5DEF255BB49800120018 /* petting.gif */; };
		C57E5E01255BB49A00120018 /* welcome_cat.gif in Resources */ = {isa = PBXBuildFile; fileRef = C57E5DF0255BB49800120018 /* welcome_cat.gif */; };
		C57E5E02255BB49A00120018 /* good_with_pets.gif in Resources */ = {isa = PBXBuildFile; fileRef = C57E5DF1255BB49800120018 /* good_with_pets.gif */; };
		C57E5E03255BB49A00120018 /* Fun_Loving.gif in Resources */ = {isa = PBXBuildFile; fileRef = C57E5DF2255BB49900120018 /* Fun_Loving.gif */; };
		C57E5E04255BB49A00120018 /* energy_level.gif in Resources */ = {isa = PBXBuildFile; fileRef = C57E5DF3255BB49900120018 /* energy_level.gif */; };
		C57E5E05255BB49A00120018 /* talkative_old.gif in Resources */ = {isa = PBXBuildFile; fileRef = C57E5DF4255BB49900120018 /* talkative_old.gif */; };
		C57E5E06255BB49A00120018 /* hair.gif in Resources */ = {isa = PBXBuildFile; fileRef = C57E5DF5255BB49900120018 /* hair.gif */; };
		C57E5E07255BB49A00120018 /* fitness.gif in Resources */ = {isa = PBXBuildFile; fileRef = C57E5DF6255BB49A00120018 /* fitness.gif */; };
		C57E5E08255BB49A00120018 /* Thinking.gif in Resources */ = {isa = PBXBuildFile; fileRef = C57E5DF7255BB49A00120018 /* Thinking.gif */; };
		C57E5E29255BB58100120018 /* YouTubeAPI.swift in Sources */ = {isa = PBXBuildFile; fileRef = C57E5E11255BB57B00120018 /* YouTubeAPI.swift */; };
		C57E5E2C255BB58100120018 /* FelineFinderBaseSheltersAPI.swift in Sources */ = {isa = PBXBuildFile; fileRef = C57E5E14255BB57C00120018 /* FelineFinderBaseSheltersAPI.swift */; };
		C57E5E2D255BB58100120018 /* RescuePetsAPI2.swift in Sources */ = {isa = PBXBuildFile; fileRef = C57E5E15255BB57C00120018 /* RescuePetsAPI2.swift */; };
		C57E5E2E255BB58100120018 /* FilteringOptions.swift in Sources */ = {isa = PBXBuildFile; fileRef = C57E5E16255BB57C00120018 /* FilteringOptions.swift */; };
		C57E5E2F255BB58100120018 /* BreedStats.swift in Sources */ = {isa = PBXBuildFile; fileRef = C57E5E17255BB57D00120018 /* BreedStats.swift */; };
		C57E5E32255BB58100120018 /* SavedSearches.swift in Sources */ = {isa = PBXBuildFile; fileRef = C57E5E1A255BB57D00120018 /* SavedSearches.swift */; };
		C57E5E35255BB58100120018 /* FelineFinderBasePets.swift in Sources */ = {isa = PBXBuildFile; fileRef = C57E5E1E255BB57E00120018 /* FelineFinderBasePets.swift */; };
		C57E5E36255BB58100120018 /* Favorites.swift in Sources */ = {isa = PBXBuildFile; fileRef = C57E5E1F255BB57E00120018 /* Favorites.swift */; };
		C57E5E37255BB58100120018 /* DatabaseManager.swift in Sources */ = {isa = PBXBuildFile; fileRef = C57E5E20255BB57F00120018 /* DatabaseManager.swift */; };
		C57E5E38255BB58100120018 /* DownloadManager.swift in Sources */ = {isa = PBXBuildFile; fileRef = C57E5E21255BB57F00120018 /* DownloadManager.swift */; };
		C57E5E39255BB58100120018 /* BreedList.swift in Sources */ = {isa = PBXBuildFile; fileRef = C57E5E23255BB57F00120018 /* BreedList.swift */; };
		C57E5E3A255BB58100120018 /* PetImage.swift in Sources */ = {isa = PBXBuildFile; fileRef = C57E5E24255BB58000120018 /* PetImage.swift */; };
		C57E5E3B255BB58100120018 /* Questions.swift in Sources */ = {isa = PBXBuildFile; fileRef = C57E5E25255BB58000120018 /* Questions.swift */; };
		C57E5E3D255BB58100120018 /* RescueSheltersAPI2.swift in Sources */ = {isa = PBXBuildFile; fileRef = C57E5E27255BB58000120018 /* RescueSheltersAPI2.swift */; };
		C57E5E3E255BB58100120018 /* Utilities.swift in Sources */ = {isa = PBXBuildFile; fileRef = C57E5E28255BB58100120018 /* Utilities.swift */; };
		C57E6170255BB78E00120018 /* AppDelegate.swift in Sources */ = {isa = PBXBuildFile; fileRef = C57E616F255BB78E00120018 /* AppDelegate.swift */; };
		C57E617C255BB7BA00120018 /* RescuePetsAPI5.swift in Sources */ = {isa = PBXBuildFile; fileRef = C57E6172255BB7B700120018 /* RescuePetsAPI5.swift */; };
		C57E617D255BB7BA00120018 /* ModeratorRequest.swift in Sources */ = {isa = PBXBuildFile; fileRef = C57E6173255BB7B700120018 /* ModeratorRequest.swift */; };
		C57E617E255BB7BA00120018 /* PagedModeratorResponse.swift in Sources */ = {isa = PBXBuildFile; fileRef = C57E6174255BB7B700120018 /* PagedModeratorResponse.swift */; };
		C57E6180255BB7BA00120018 /* HTTPURLResponse.swift in Sources */ = {isa = PBXBuildFile; fileRef = C57E6176255BB7B800120018 /* HTTPURLResponse.swift */; };
		C57E6182255BB7BA00120018 /* DataResponseError.swift in Sources */ = {isa = PBXBuildFile; fileRef = C57E6178255BB7B900120018 /* DataResponseError.swift */; };
		C57E6184255BB7BA00120018 /* Result.swift in Sources */ = {isa = PBXBuildFile; fileRef = C57E617A255BB7B900120018 /* Result.swift */; };
		C57E6185255BB7BA00120018 /* URLRequest.swift in Sources */ = {isa = PBXBuildFile; fileRef = C57E617B255BB7BA00120018 /* URLRequest.swift */; };
		C57E618C255BB8E300120018 /* MainTabBreedViewController.swift in Sources */ = {isa = PBXBuildFile; fileRef = C57E6188255BB8E200120018 /* MainTabBreedViewController.swift */; };
		C57E618D255BB8E300120018 /* MainTabBreedTableViewCell.swift in Sources */ = {isa = PBXBuildFile; fileRef = C57E6189255BB8E200120018 /* MainTabBreedTableViewCell.swift */; };
		C57E618E255BB8E300120018 /* MainTabBreedCollectionViewCell.swift in Sources */ = {isa = PBXBuildFile; fileRef = C57E618A255BB8E300120018 /* MainTabBreedCollectionViewCell.swift */; };
		C57E618F255BB8E300120018 /* MainTabBreedToolCollectionViewCell.swift in Sources */ = {isa = PBXBuildFile; fileRef = C57E618B255BB8E300120018 /* MainTabBreedToolCollectionViewCell.swift */; };
		C57E6194255BB90200120018 /* OldMainTabAdoptableCatsSubCVCell.swift in Sources */ = {isa = PBXBuildFile; fileRef = C57E6191255BB90100120018 /* OldMainTabAdoptableCatsSubCVCell.swift */; };
		C57E6195255BB90200120018 /* OldMainTabAdoptableCats.swift in Sources */ = {isa = PBXBuildFile; fileRef = C57E6192255BB90200120018 /* OldMainTabAdoptableCats.swift */; };
		C57E6196255BB90200120018 /* OldMainTabAdoptableCatsMainTVCell.swift in Sources */ = {isa = PBXBuildFile; fileRef = C57E6193255BB90200120018 /* OldMainTabAdoptableCatsMainTVCell.swift */; };
		C57E619D255BB92100120018 /* FitDialogViewController.swift in Sources */ = {isa = PBXBuildFile; fileRef = C57E6198255BB92000120018 /* FitDialogViewController.swift */; };
		C57E619E255BB92100120018 /* FitBreedTableViewCell.swift in Sources */ = {isa = PBXBuildFile; fileRef = C57E6199255BB92000120018 /* FitBreedTableViewCell.swift */; };
		C57E619F255BB92100120018 /* FitQuestionSliderTableViewCell.swift in Sources */ = {isa = PBXBuildFile; fileRef = C57E619A255BB92000120018 /* FitQuestionSliderTableViewCell.swift */; };
		C57E61A0255BB92100120018 /* MainTabFitViewController.swift in Sources */ = {isa = PBXBuildFile; fileRef = C57E619B255BB92100120018 /* MainTabFitViewController.swift */; };
		C57E61A1255BB92100120018 /* FitQuestionSegmentTableViewCell.swift in Sources */ = {isa = PBXBuildFile; fileRef = C57E619C255BB92100120018 /* FitQuestionSegmentTableViewCell.swift */; };
		C57E61A9255BB94900120018 /* OldFilterOptionSearch.swift in Sources */ = {isa = PBXBuildFile; fileRef = C57E61A3255BB94800120018 /* OldFilterOptionSearch.swift */; };
		C57E61AA255BB94900120018 /* OldFilterOptionsListCustomCellView.swift in Sources */ = {isa = PBXBuildFile; fileRef = C57E61A4255BB94800120018 /* OldFilterOptionsListCustomCellView.swift */; };
		C57E61AB255BB94900120018 /* FilterOptionsZipCodeTableCell.swift in Sources */ = {isa = PBXBuildFile; fileRef = C57E61A5255BB94800120018 /* FilterOptionsZipCodeTableCell.swift */; };
		C57E61AC255BB94900120018 /* OldFilterOptionsListTableViewController.swift in Sources */ = {isa = PBXBuildFile; fileRef = C57E61A6255BB94800120018 /* OldFilterOptionsListTableViewController.swift */; };
		C57E61AD255BB94900120018 /* OldFilterOptionsSegmentedCustomCellView.swift in Sources */ = {isa = PBXBuildFile; fileRef = C57E61A7255BB94900120018 /* OldFilterOptionsSegmentedCustomCellView.swift */; };
		C57E61AE255BB94900120018 /* OldFilterOptionsBreedCustomCellView.swift in Sources */ = {isa = PBXBuildFile; fileRef = C57E61A8255BB94900120018 /* OldFilterOptionsBreedCustomCellView.swift */; };
		C57E61B1255BB9DD00120018 /* Globals.swift in Sources */ = {isa = PBXBuildFile; fileRef = C57E61B0255BB9DD00120018 /* Globals.swift */; };
		C57E61BA255BBAB800120018 /* HorizontalLayoutVaryingWidths.swift in Sources */ = {isa = PBXBuildFile; fileRef = C57E61B9255BBAB800120018 /* HorizontalLayoutVaryingWidths.swift */; };
		C57E61BD255BBAED00120018 /* Tools.swift in Sources */ = {isa = PBXBuildFile; fileRef = C57E61BC255BBAED00120018 /* Tools.swift */; };
		C57E61C8255BBDC000120018 /* BreedHeadshots.xcassets in Resources */ = {isa = PBXBuildFile; fileRef = C57E61C7255BBDC000120018 /* BreedHeadshots.xcassets */; };
		C57E61D4255BDAB000120018 /* OldSelectedItemTableViewCell.swift in Sources */ = {isa = PBXBuildFile; fileRef = C57E61D3255BDAB000120018 /* OldSelectedItemTableViewCell.swift */; };
		C57E61D8255BDB1E00120018 /* MainTabBarViewController.swift in Sources */ = {isa = PBXBuildFile; fileRef = C57E61D7255BDB1E00120018 /* MainTabBarViewController.swift */; };
		C57E61DB255BDB5A00120018 /* RescueSheltersAPI.swift in Sources */ = {isa = PBXBuildFile; fileRef = C57E61DA255BDB5A00120018 /* RescueSheltersAPI.swift */; };
		C57E61EC255BDF4E00120018 /* OldToolCollectionViewCell.swift in Sources */ = {isa = PBXBuildFile; fileRef = C57E61EA255BDF4E00120018 /* OldToolCollectionViewCell.swift */; };
		C57E61FB255BE1F300120018 /* OldPetFinderFind.swift in Sources */ = {isa = PBXBuildFile; fileRef = C57E61FA255BE1F300120018 /* OldPetFinderFind.swift */; };
		C57E6200255BE35E00120018 /* CustomHeader.m in Sources */ = {isa = PBXBuildFile; fileRef = C57E61FF255BE35E00120018 /* CustomHeader.m */; };
		C57E6206255BE41500120018 /* Common.m in Sources */ = {isa = PBXBuildFile; fileRef = C57E6205255BE41500120018 /* Common.m */; };
		C57E620F255BE43300120018 /* CustomFooter.m in Sources */ = {isa = PBXBuildFile; fileRef = C57E6209255BE43100120018 /* CustomFooter.m */; };
		C57E6210255BE43300120018 /* CoolTableViewController.m in Sources */ = {isa = PBXBuildFile; fileRef = C57E620B255BE43200120018 /* CoolTableViewController.m */; };
		C57E6211255BE43300120018 /* CustomCellBackground.m in Sources */ = {isa = PBXBuildFile; fileRef = C57E620D255BE43300120018 /* CustomCellBackground.m */; };
		C57E6212255BE43300120018 /* main_bg.jpg in Resources */ = {isa = PBXBuildFile; fileRef = C57E620E255BE43300120018 /* main_bg.jpg */; };
		C57E6220255C06FE00120018 /* AdoptableCatsCollectionViewViewController.swift in Sources */ = {isa = PBXBuildFile; fileRef = C57E621F255C06FE00120018 /* AdoptableCatsCollectionViewViewController.swift */; };
		C57E6223255C072B00120018 /* AdoptableCatsCollectionViewCell.swift in Sources */ = {isa = PBXBuildFile; fileRef = C57E6222255C072B00120018 /* AdoptableCatsCollectionViewCell.swift */; };
		C57E6228255C228E00120018 /* CatFinder.db in Resources */ = {isa = PBXBuildFile; fileRef = C57E5DE3255BB44200120018 /* CatFinder.db */; };
		C5878FAC26AE09E00032F461 /* SplashScreen.swift in Sources */ = {isa = PBXBuildFile; fileRef = C5878FAB26AE09E00032F461 /* SplashScreen.swift */; };
		C59C8DED25624CF200044503 /* SegmentCollectionViewCell.swift in Sources */ = {isa = PBXBuildFile; fileRef = C59C8DEC25624CF200044503 /* SegmentCollectionViewCell.swift */; };
		C5A2DAF825BB958100F3B13C /* GradientButton.swift in Sources */ = {isa = PBXBuildFile; fileRef = C5A2DAF725BB958100F3B13C /* GradientButton.swift */; };
		C5A2DB1A25BCCEB600F3B13C /* ValueLabel.swift in Sources */ = {isa = PBXBuildFile; fileRef = C5A2DB1925BCCEB500F3B13C /* ValueLabel.swift */; };
		C5AEFA3A25ABD292003F5E2B /* StatsTableViewCell.swift in Sources */ = {isa = PBXBuildFile; fileRef = C5AEFA3925ABD292003F5E2B /* StatsTableViewCell.swift */; };
		C5B2D23E25AF17F20001A83F /* FitValues.swift in Sources */ = {isa = PBXBuildFile; fileRef = C5B2D23D25AF17F20001A83F /* FitValues.swift */; };
		C5B3F87A26B3480400EBA0B3 /* BaseQuestionViewController.swift in Sources */ = {isa = PBXBuildFile; fileRef = C5B3F87926B3480400EBA0B3 /* BaseQuestionViewController.swift */; };
		C5B3F87C26B34F0C00EBA0B3 /* QuestionCollectionViewController.swift in Sources */ = {isa = PBXBuildFile; fileRef = C5B3F87B26B34F0C00EBA0B3 /* QuestionCollectionViewController.swift */; };
		C5B3F87E26B3653A00EBA0B3 /* QuestionPics.xcassets in Resources */ = {isa = PBXBuildFile; fileRef = C5B3F87D26B3653A00EBA0B3 /* QuestionPics.xcassets */; };
		C5B3F88026B36CF100EBA0B3 /* QuestionCollectionViewCell.swift in Sources */ = {isa = PBXBuildFile; fileRef = C5B3F87F26B36CF100EBA0B3 /* QuestionCollectionViewCell.swift */; };
		C5B87E582603BF44004906BF /* ParentViewController.swift in Sources */ = {isa = PBXBuildFile; fileRef = C5B87E572603BF44004906BF /* ParentViewController.swift */; };
		C5B87E6B26045252004906BF /* RescueGroupFilter.swift in Sources */ = {isa = PBXBuildFile; fileRef = C5B87E6A26045252004906BF /* RescueGroupFilter.swift */; };
		C5D9C57825901B7B00CC6A14 /* FilterViewController.swift in Sources */ = {isa = PBXBuildFile; fileRef = C5D9C57725901B7B00CC6A14 /* FilterViewController.swift */; };
		C5DB5A1E257B126C00B112F4 /* YouTubeViewController.swift in Sources */ = {isa = PBXBuildFile; fileRef = C5DB5A1D257B126C00B112F4 /* YouTubeViewController.swift */; };
		C5DFC41426D44AD800AC01AE /* tlc.gif in Resources */ = {isa = PBXBuildFile; fileRef = C5DFC41126D44AD700AC01AE /* tlc.gif */; };
		C5DFC41526D44AD800AC01AE /* autonomy.gif in Resources */ = {isa = PBXBuildFile; fileRef = C5DFC41226D44AD700AC01AE /* autonomy.gif */; };
		C5DFC41626D44AD800AC01AE /* talkative.gif in Resources */ = {isa = PBXBuildFile; fileRef = C5DFC41326D44AD800AC01AE /* talkative.gif */; };
		C5E1907925607EAB00A885A9 /* BreedsInChartInfo.swift in Sources */ = {isa = PBXBuildFile; fileRef = C5E1907825607EAB00A885A9 /* BreedsInChartInfo.swift */; };
		C5E930792601A600005A0E90 /* OfflineQuery.swift in Sources */ = {isa = PBXBuildFile; fileRef = C5E930782601A600005A0E90 /* OfflineQuery.swift */; };
		C5E9307C2601A769005A0E90 /* OfflineQueryAPI.swift in Sources */ = {isa = PBXBuildFile; fileRef = C5E9307B2601A769005A0E90 /* OfflineQueryAPI.swift */; };
		C5E9307F2601E05A005A0E90 /* User.swift in Sources */ = {isa = PBXBuildFile; fileRef = C5E9307E2601E05A005A0E90 /* User.swift */; };
		C5E930842602713B005A0E90 /* NotificationsDelegate.swift in Sources */ = {isa = PBXBuildFile; fileRef = C5E930832602713B005A0E90 /* NotificationsDelegate.swift */; };
		C5E93088260274FD005A0E90 /* ApnsUploads.swift in Sources */ = {isa = PBXBuildFile; fileRef = C5E93087260274FD005A0E90 /* ApnsUploads.swift */; };
		C5F9C65A25778B5000861A76 /* BreedPhotoCollectionViewCell.swift in Sources */ = {isa = PBXBuildFile; fileRef = C5F9C65925778B5000861A76 /* BreedPhotoCollectionViewCell.swift */; };
		C5F9C65E2577935A00861A76 /* BreedGalleryPet.swift in Sources */ = {isa = PBXBuildFile; fileRef = C5F9C65D2577935A00861A76 /* BreedGalleryPet.swift */; };
		C5F9C6B32578FB9A00861A76 /* RSUtilities.swift in Sources */ = {isa = PBXBuildFile; fileRef = C5F9C6B22578FB9A00861A76 /* RSUtilities.swift */; };
		C5F9C7C12579056800861A76 /* SceneDelegate.swift in Sources */ = {isa = PBXBuildFile; fileRef = C5F9C7C02579056800861A76 /* SceneDelegate.swift */; };
		C5F9C8CF257916DE00861A76 /* PinterestLayout.swift in Sources */ = {isa = PBXBuildFile; fileRef = C5F9C8CE257916DE00861A76 /* PinterestLayout.swift */; };
/* End PBXBuildFile section */

/* Begin PBXFileReference section */
		71F68C1D049D00694F9F0FD2 /* Pods-FelineFinder.release.xcconfig */ = {isa = PBXFileReference; includeInIndex = 1; lastKnownFileType = text.xcconfig; name = "Pods-FelineFinder.release.xcconfig"; path = "Target Support Files/Pods-FelineFinder/Pods-FelineFinder.release.xcconfig"; sourceTree = "<group>"; };
		8CF9DEF001F3F2C9D58A55E3 /* Pods_FelineFinder.framework */ = {isa = PBXFileReference; explicitFileType = wrapper.framework; includeInIndex = 0; path = Pods_FelineFinder.framework; sourceTree = BUILT_PRODUCTS_DIR; };
		BB7C8A351FB4D2372B8F6BAF /* Pods-FelineFinder.debug.xcconfig */ = {isa = PBXFileReference; includeInIndex = 1; lastKnownFileType = text.xcconfig; name = "Pods-FelineFinder.debug.xcconfig"; path = "Target Support Files/Pods-FelineFinder/Pods-FelineFinder.debug.xcconfig"; sourceTree = "<group>"; };
		C500E6B626CE26B1005FDFC3 /* ZipCodeAPI.swift */ = {isa = PBXFileReference; lastKnownFileType = sourcecode.swift; path = ZipCodeAPI.swift; sourceTree = "<group>"; };
		C5179BA225647D84005EC381 /* PopAnimator.swift */ = {isa = PBXFileReference; fileEncoding = 4; lastKnownFileType = sourcecode.swift; path = PopAnimator.swift; sourceTree = "<group>"; };
		C51CBD4925817299006B2D12 /* FavoritesViewController.swift */ = {isa = PBXFileReference; lastKnownFileType = sourcecode.swift; path = FavoritesViewController.swift; sourceTree = "<group>"; };
		C51E1AC8255EC61F00167D15 /* Toolbar.swift */ = {isa = PBXFileReference; fileEncoding = 4; lastKnownFileType = sourcecode.swift; path = Toolbar.swift; sourceTree = "<group>"; };
		C51E1ACB255EC63500167D15 /* PercentBarView.swift */ = {isa = PBXFileReference; fileEncoding = 4; lastKnownFileType = sourcecode.swift; path = PercentBarView.swift; sourceTree = "<group>"; };
		C51E1ACC255EC63600167D15 /* GraphView.swift */ = {isa = PBXFileReference; fileEncoding = 4; lastKnownFileType = sourcecode.swift; path = GraphView.swift; sourceTree = "<group>"; };
		C51E1ACD255EC63600167D15 /* GraphXAxisView.swift */ = {isa = PBXFileReference; fileEncoding = 4; lastKnownFileType = sourcecode.swift; path = GraphXAxisView.swift; sourceTree = "<group>"; };
		C51E1AD2255EC66500167D15 /* GradientCollectionViewCell.swift */ = {isa = PBXFileReference; fileEncoding = 4; lastKnownFileType = sourcecode.swift; path = GradientCollectionViewCell.swift; sourceTree = "<group>"; };
		C51E1AD3255EC66500167D15 /* MultiRowGradientLayout.swift */ = {isa = PBXFileReference; fileEncoding = 4; lastKnownFileType = sourcecode.swift; path = MultiRowGradientLayout.swift; sourceTree = "<group>"; };
		C528F50E265608BB00F49BF5 /* PaginationView.swift */ = {isa = PBXFileReference; fileEncoding = 4; lastKnownFileType = sourcecode.swift; path = PaginationView.swift; sourceTree = "<group>"; };
		C528F50F265608BB00F49BF5 /* CardView.swift */ = {isa = PBXFileReference; fileEncoding = 4; lastKnownFileType = sourcecode.swift; path = CardView.swift; sourceTree = "<group>"; };
		C528F510265608BB00F49BF5 /* CardStackView.swift */ = {isa = PBXFileReference; fileEncoding = 4; lastKnownFileType = sourcecode.swift; path = CardStackView.swift; sourceTree = "<group>"; };
		C528F51426560A9B00F49BF5 /* BreedCardsViewController.swift */ = {isa = PBXFileReference; fileEncoding = 4; lastKnownFileType = sourcecode.swift; path = BreedCardsViewController.swift; sourceTree = "<group>"; };
		C52C82BC25AFAA42006633CD /* FilterSectionLabelTableViewCell.swift */ = {isa = PBXFileReference; lastKnownFileType = sourcecode.swift; path = FilterSectionLabelTableViewCell.swift; sourceTree = "<group>"; };
		C52C82BF25AFAB29006633CD /* FilterOptionTableViewCell.swift */ = {isa = PBXFileReference; lastKnownFileType = sourcecode.swift; path = FilterOptionTableViewCell.swift; sourceTree = "<group>"; };
		C52C82C225AFB124006633CD /* OptionLabelCell.swift */ = {isa = PBXFileReference; lastKnownFileType = sourcecode.swift; path = OptionLabelCell.swift; sourceTree = "<group>"; };
		C52C82C525AFB1AA006633CD /* OptionValueCell.swift */ = {isa = PBXFileReference; lastKnownFileType = sourcecode.swift; path = OptionValueCell.swift; sourceTree = "<group>"; };
		C530481D25A2533B0071A32C /* AdoptableHeaderTableViewCell.swift */ = {isa = PBXFileReference; lastKnownFileType = sourcecode.swift; path = AdoptableHeaderTableViewCell.swift; sourceTree = "<group>"; };
		C530482025A255C10071A32C /* AdoptableDescriptionTableViewCell.swift */ = {isa = PBXFileReference; lastKnownFileType = sourcecode.swift; path = AdoptableDescriptionTableViewCell.swift; sourceTree = "<group>"; };
		C53DCE6425FAF8DB004011EC /* BreedsViewController.swift */ = {isa = PBXFileReference; lastKnownFileType = sourcecode.swift; path = BreedsViewController.swift; sourceTree = "<group>"; };
		C53DCE7525FAFCBA004011EC /* BreedTableViewCell.swift */ = {isa = PBXFileReference; lastKnownFileType = sourcecode.swift; path = BreedTableViewCell.swift; sourceTree = "<group>"; };
		C53DCE8725FBFC50004011EC /* SearchTimer.swift */ = {isa = PBXFileReference; lastKnownFileType = sourcecode.swift; path = SearchTimer.swift; sourceTree = "<group>"; };
		C566D47E25AFF3520087412F /* TextFieldWithImage.swift */ = {isa = PBXFileReference; lastKnownFileType = sourcecode.swift; path = TextFieldWithImage.swift; sourceTree = "<group>"; };
		C56BD72026B30AA700E0E63D /* SurveyPageViewController.swift */ = {isa = PBXFileReference; lastKnownFileType = sourcecode.swift; path = SurveyPageViewController.swift; sourceTree = "<group>"; };
		C56BD72326B315EB00E0E63D /* QuestionScaleViewController.swift */ = {isa = PBXFileReference; lastKnownFileType = sourcecode.swift; path = QuestionScaleViewController.swift; sourceTree = "<group>"; };
		C56E7046257BB67A00AAD927 /* FelineFinder-Info.plist */ = {isa = PBXFileReference; lastKnownFileType = text.plist.xml; path = "FelineFinder-Info.plist"; sourceTree = "<group>"; };
		C57BE7E9255C327900C89D76 /* Info.plist */ = {isa = PBXFileReference; fileEncoding = 4; lastKnownFileType = text.plist.xml; path = Info.plist; sourceTree = "<group>"; };
		C57BE7F8255C707500C89D76 /* AdoptableCatsDetailViewController.swift */ = {isa = PBXFileReference; lastKnownFileType = sourcecode.swift; path = AdoptableCatsDetailViewController.swift; sourceTree = "<group>"; };
		C57BE806255C96AD00C89D76 /* toolCell.swift */ = {isa = PBXFileReference; lastKnownFileType = sourcecode.swift; path = toolCell.swift; sourceTree = "<group>"; };
		C57BE809255C96C900C89D76 /* mediaCell.swift */ = {isa = PBXFileReference; lastKnownFileType = sourcecode.swift; path = mediaCell.swift; sourceTree = "<group>"; };
		C57D50DB256DD19E00D0842B /* MainBreedCollectionViewController.swift */ = {isa = PBXFileReference; lastKnownFileType = sourcecode.swift; path = MainBreedCollectionViewController.swift; sourceTree = "<group>"; };
		C57D50DE256DDC1400D0842B /* MainBreedCollectionViewCell.swift */ = {isa = PBXFileReference; lastKnownFileType = sourcecode.swift; path = MainBreedCollectionViewCell.swift; sourceTree = "<group>"; };
		C57D50E1256DDE1B00D0842B /* BreedSectionHeaderCollectionReusableView.swift */ = {isa = PBXFileReference; lastKnownFileType = sourcecode.swift; path = BreedSectionHeaderCollectionReusableView.swift; sourceTree = "<group>"; };
		C57D50E4256EB70900D0842B /* BreedHeadshotCartoons.xcassets */ = {isa = PBXFileReference; lastKnownFileType = folder.assetcatalog; path = BreedHeadshotCartoons.xcassets; sourceTree = "<group>"; };
		C57D50ED256ED53700D0842B /* BreedInfoViewController.swift */ = {isa = PBXFileReference; lastKnownFileType = sourcecode.swift; path = BreedInfoViewController.swift; sourceTree = "<group>"; };
		C57D50F1256ED55000D0842B /* BreedStatsViewController.swift */ = {isa = PBXFileReference; lastKnownFileType = sourcecode.swift; path = BreedStatsViewController.swift; sourceTree = "<group>"; };
		C57D50F7256ED58100D0842B /* BreedGalleryViewController.swift */ = {isa = PBXFileReference; lastKnownFileType = sourcecode.swift; path = BreedGalleryViewController.swift; sourceTree = "<group>"; };
		C57D50FE256ED61700D0842B /* BreedDetailViewController.swift */ = {isa = PBXFileReference; lastKnownFileType = sourcecode.swift; path = BreedDetailViewController.swift; sourceTree = "<group>"; };
		C57D510F256EFB1600D0842B /* Breed Photos Full.xcassets */ = {isa = PBXFileReference; lastKnownFileType = folder.assetcatalog; path = "Breed Photos Full.xcassets"; sourceTree = "<group>"; };
		C57D511C256FC5C700D0842B /* BreedVideoCollectionViewCell.swift */ = {isa = PBXFileReference; lastKnownFileType = sourcecode.swift; path = BreedVideoCollectionViewCell.swift; sourceTree = "<group>"; };
		C57E5735255BAF9B00120018 /* FelineFinder.app */ = {isa = PBXFileReference; explicitFileType = wrapper.application; includeInIndex = 0; path = FelineFinder.app; sourceTree = BUILT_PRODUCTS_DIR; };
		C57E573F255BAF9B00120018 /* Base */ = {isa = PBXFileReference; lastKnownFileType = file.storyboard; name = Base; path = Base.lproj/Main.storyboard; sourceTree = "<group>"; };
		C57E5741255BAF9D00120018 /* Assets.xcassets */ = {isa = PBXFileReference; lastKnownFileType = folder.assetcatalog; path = Assets.xcassets; sourceTree = "<group>"; };
		C57E5744255BAF9D00120018 /* Base */ = {isa = PBXFileReference; lastKnownFileType = file.storyboard; name = Base; path = Base.lproj/LaunchScreen.storyboard; sourceTree = "<group>"; };
		C57E5763255BB26F00120018 /* ZoomViewControler.swift */ = {isa = PBXFileReference; fileEncoding = 4; lastKnownFileType = sourcecode.swift; path = ZoomViewControler.swift; sourceTree = "<group>"; };
		C57E5769255BB28B00120018 /* CatLogoLayer.swift */ = {isa = PBXFileReference; fileEncoding = 4; lastKnownFileType = sourcecode.swift; path = CatLogoLayer.swift; sourceTree = "<group>"; };
		C57E5DE3255BB44200120018 /* CatFinder.db */ = {isa = PBXFileReference; lastKnownFileType = file; path = CatFinder.db; sourceTree = "<group>"; };
		C57E5DE7255BB49600120018 /* good_with_children.gif */ = {isa = PBXFileReference; lastKnownFileType = image.gif; path = good_with_children.gif; sourceTree = "<group>"; };
		C57E5DE8255BB49600120018 /* autonomy_old.gif */ = {isa = PBXFileReference; lastKnownFileType = image.gif; path = autonomy_old.gif; sourceTree = "<group>"; };
		C57E5DE9255BB49700120018 /* grooming.gif */ = {isa = PBXFileReference; lastKnownFileType = image.gif; path = grooming.gif; sourceTree = "<group>"; };
		C57E5DEA255BB49700120018 /* hair2.gif */ = {isa = PBXFileReference; lastKnownFileType = image.gif; path = hair2.gif; sourceTree = "<group>"; };
		C57E5DEB255BB49700120018 /* size.gif */ = {isa = PBXFileReference; lastKnownFileType = image.gif; path = size.gif; sourceTree = "<group>"; };
		C57E5DEC255BB49700120018 /* smartcat.gif */ = {isa = PBXFileReference; lastKnownFileType = image.gif; path = smartcat.gif; sourceTree = "<group>"; };
		C57E5DED255BB49700120018 /* catpaws.png */ = {isa = PBXFileReference; lastKnownFileType = image.png; path = catpaws.png; sourceTree = "<group>"; };
		C57E5DEE255BB49800120018 /* catpaws2.png */ = {isa = PBXFileReference; lastKnownFileType = image.png; path = catpaws2.png; sourceTree = "<group>"; };
		C57E5DEF255BB49800120018 /* petting.gif */ = {isa = PBXFileReference; lastKnownFileType = image.gif; path = petting.gif; sourceTree = "<group>"; };
		C57E5DF0255BB49800120018 /* welcome_cat.gif */ = {isa = PBXFileReference; lastKnownFileType = image.gif; path = welcome_cat.gif; sourceTree = "<group>"; };
		C57E5DF1255BB49800120018 /* good_with_pets.gif */ = {isa = PBXFileReference; lastKnownFileType = image.gif; path = good_with_pets.gif; sourceTree = "<group>"; };
		C57E5DF2255BB49900120018 /* Fun_Loving.gif */ = {isa = PBXFileReference; lastKnownFileType = image.gif; path = Fun_Loving.gif; sourceTree = "<group>"; };
		C57E5DF3255BB49900120018 /* energy_level.gif */ = {isa = PBXFileReference; lastKnownFileType = image.gif; path = energy_level.gif; sourceTree = "<group>"; };
		C57E5DF4255BB49900120018 /* talkative_old.gif */ = {isa = PBXFileReference; lastKnownFileType = image.gif; path = talkative_old.gif; sourceTree = "<group>"; };
		C57E5DF5255BB49900120018 /* hair.gif */ = {isa = PBXFileReference; lastKnownFileType = image.gif; path = hair.gif; sourceTree = "<group>"; };
		C57E5DF6255BB49A00120018 /* fitness.gif */ = {isa = PBXFileReference; lastKnownFileType = image.gif; path = fitness.gif; sourceTree = "<group>"; };
		C57E5DF7255BB49A00120018 /* Thinking.gif */ = {isa = PBXFileReference; lastKnownFileType = image.gif; path = Thinking.gif; sourceTree = "<group>"; };
		C57E5E0C255BB4F300120018 /* FelineFinder-Bridging-Header.h */ = {isa = PBXFileReference; lastKnownFileType = sourcecode.c.h; path = "FelineFinder-Bridging-Header.h"; sourceTree = "<group>"; };
		C57E5E11255BB57B00120018 /* YouTubeAPI.swift */ = {isa = PBXFileReference; fileEncoding = 4; lastKnownFileType = sourcecode.swift; path = YouTubeAPI.swift; sourceTree = "<group>"; };
		C57E5E14255BB57C00120018 /* FelineFinderBaseSheltersAPI.swift */ = {isa = PBXFileReference; fileEncoding = 4; lastKnownFileType = sourcecode.swift; path = FelineFinderBaseSheltersAPI.swift; sourceTree = "<group>"; };
		C57E5E15255BB57C00120018 /* RescuePetsAPI2.swift */ = {isa = PBXFileReference; fileEncoding = 4; lastKnownFileType = sourcecode.swift; path = RescuePetsAPI2.swift; sourceTree = "<group>"; };
		C57E5E16255BB57C00120018 /* FilteringOptions.swift */ = {isa = PBXFileReference; fileEncoding = 4; lastKnownFileType = sourcecode.swift; path = FilteringOptions.swift; sourceTree = "<group>"; };
		C57E5E17255BB57D00120018 /* BreedStats.swift */ = {isa = PBXFileReference; fileEncoding = 4; lastKnownFileType = sourcecode.swift; path = BreedStats.swift; sourceTree = "<group>"; };
		C57E5E1A255BB57D00120018 /* SavedSearches.swift */ = {isa = PBXFileReference; fileEncoding = 4; lastKnownFileType = sourcecode.swift; path = SavedSearches.swift; sourceTree = "<group>"; };
		C57E5E1E255BB57E00120018 /* FelineFinderBasePets.swift */ = {isa = PBXFileReference; fileEncoding = 4; lastKnownFileType = sourcecode.swift; path = FelineFinderBasePets.swift; sourceTree = "<group>"; };
		C57E5E1F255BB57E00120018 /* Favorites.swift */ = {isa = PBXFileReference; fileEncoding = 4; lastKnownFileType = sourcecode.swift; path = Favorites.swift; sourceTree = "<group>"; };
		C57E5E20255BB57F00120018 /* DatabaseManager.swift */ = {isa = PBXFileReference; fileEncoding = 4; lastKnownFileType = sourcecode.swift; path = DatabaseManager.swift; sourceTree = "<group>"; };
		C57E5E21255BB57F00120018 /* DownloadManager.swift */ = {isa = PBXFileReference; fileEncoding = 4; lastKnownFileType = sourcecode.swift; path = DownloadManager.swift; sourceTree = "<group>"; };
		C57E5E23255BB57F00120018 /* BreedList.swift */ = {isa = PBXFileReference; fileEncoding = 4; lastKnownFileType = sourcecode.swift; path = BreedList.swift; sourceTree = "<group>"; };
		C57E5E24255BB58000120018 /* PetImage.swift */ = {isa = PBXFileReference; fileEncoding = 4; lastKnownFileType = sourcecode.swift; path = PetImage.swift; sourceTree = "<group>"; };
		C57E5E25255BB58000120018 /* Questions.swift */ = {isa = PBXFileReference; fileEncoding = 4; lastKnownFileType = sourcecode.swift; path = Questions.swift; sourceTree = "<group>"; };
		C57E5E27255BB58000120018 /* RescueSheltersAPI2.swift */ = {isa = PBXFileReference; fileEncoding = 4; lastKnownFileType = sourcecode.swift; path = RescueSheltersAPI2.swift; sourceTree = "<group>"; };
		C57E5E28255BB58100120018 /* Utilities.swift */ = {isa = PBXFileReference; fileEncoding = 4; lastKnownFileType = sourcecode.swift; path = Utilities.swift; sourceTree = "<group>"; };
		C57E616F255BB78E00120018 /* AppDelegate.swift */ = {isa = PBXFileReference; fileEncoding = 4; lastKnownFileType = sourcecode.swift; path = AppDelegate.swift; sourceTree = "<group>"; };
		C57E6172255BB7B700120018 /* RescuePetsAPI5.swift */ = {isa = PBXFileReference; fileEncoding = 4; lastKnownFileType = sourcecode.swift; path = RescuePetsAPI5.swift; sourceTree = "<group>"; };
		C57E6173255BB7B700120018 /* ModeratorRequest.swift */ = {isa = PBXFileReference; fileEncoding = 4; lastKnownFileType = sourcecode.swift; path = ModeratorRequest.swift; sourceTree = "<group>"; };
		C57E6174255BB7B700120018 /* PagedModeratorResponse.swift */ = {isa = PBXFileReference; fileEncoding = 4; lastKnownFileType = sourcecode.swift; path = PagedModeratorResponse.swift; sourceTree = "<group>"; };
		C57E6176255BB7B800120018 /* HTTPURLResponse.swift */ = {isa = PBXFileReference; fileEncoding = 4; lastKnownFileType = sourcecode.swift; path = HTTPURLResponse.swift; sourceTree = "<group>"; };
		C57E6178255BB7B900120018 /* DataResponseError.swift */ = {isa = PBXFileReference; fileEncoding = 4; lastKnownFileType = sourcecode.swift; path = DataResponseError.swift; sourceTree = "<group>"; };
		C57E617A255BB7B900120018 /* Result.swift */ = {isa = PBXFileReference; fileEncoding = 4; lastKnownFileType = sourcecode.swift; path = Result.swift; sourceTree = "<group>"; };
		C57E617B255BB7BA00120018 /* URLRequest.swift */ = {isa = PBXFileReference; fileEncoding = 4; lastKnownFileType = sourcecode.swift; path = URLRequest.swift; sourceTree = "<group>"; };
		C57E6188255BB8E200120018 /* MainTabBreedViewController.swift */ = {isa = PBXFileReference; fileEncoding = 4; lastKnownFileType = sourcecode.swift; path = MainTabBreedViewController.swift; sourceTree = "<group>"; };
		C57E6189255BB8E200120018 /* MainTabBreedTableViewCell.swift */ = {isa = PBXFileReference; fileEncoding = 4; lastKnownFileType = sourcecode.swift; path = MainTabBreedTableViewCell.swift; sourceTree = "<group>"; };
		C57E618A255BB8E300120018 /* MainTabBreedCollectionViewCell.swift */ = {isa = PBXFileReference; fileEncoding = 4; lastKnownFileType = sourcecode.swift; path = MainTabBreedCollectionViewCell.swift; sourceTree = "<group>"; };
		C57E618B255BB8E300120018 /* MainTabBreedToolCollectionViewCell.swift */ = {isa = PBXFileReference; fileEncoding = 4; lastKnownFileType = sourcecode.swift; path = MainTabBreedToolCollectionViewCell.swift; sourceTree = "<group>"; };
		C57E6191255BB90100120018 /* OldMainTabAdoptableCatsSubCVCell.swift */ = {isa = PBXFileReference; fileEncoding = 4; lastKnownFileType = sourcecode.swift; path = OldMainTabAdoptableCatsSubCVCell.swift; sourceTree = "<group>"; };
		C57E6192255BB90200120018 /* OldMainTabAdoptableCats.swift */ = {isa = PBXFileReference; fileEncoding = 4; lastKnownFileType = sourcecode.swift; path = OldMainTabAdoptableCats.swift; sourceTree = "<group>"; };
		C57E6193255BB90200120018 /* OldMainTabAdoptableCatsMainTVCell.swift */ = {isa = PBXFileReference; fileEncoding = 4; lastKnownFileType = sourcecode.swift; path = OldMainTabAdoptableCatsMainTVCell.swift; sourceTree = "<group>"; };
		C57E6198255BB92000120018 /* FitDialogViewController.swift */ = {isa = PBXFileReference; fileEncoding = 4; lastKnownFileType = sourcecode.swift; path = FitDialogViewController.swift; sourceTree = "<group>"; };
		C57E6199255BB92000120018 /* FitBreedTableViewCell.swift */ = {isa = PBXFileReference; fileEncoding = 4; lastKnownFileType = sourcecode.swift; path = FitBreedTableViewCell.swift; sourceTree = "<group>"; };
		C57E619A255BB92000120018 /* FitQuestionSliderTableViewCell.swift */ = {isa = PBXFileReference; fileEncoding = 4; lastKnownFileType = sourcecode.swift; path = FitQuestionSliderTableViewCell.swift; sourceTree = "<group>"; };
		C57E619B255BB92100120018 /* MainTabFitViewController.swift */ = {isa = PBXFileReference; fileEncoding = 4; lastKnownFileType = sourcecode.swift; path = MainTabFitViewController.swift; sourceTree = "<group>"; };
		C57E619C255BB92100120018 /* FitQuestionSegmentTableViewCell.swift */ = {isa = PBXFileReference; fileEncoding = 4; lastKnownFileType = sourcecode.swift; path = FitQuestionSegmentTableViewCell.swift; sourceTree = "<group>"; };
		C57E61A3255BB94800120018 /* OldFilterOptionSearch.swift */ = {isa = PBXFileReference; fileEncoding = 4; lastKnownFileType = sourcecode.swift; path = OldFilterOptionSearch.swift; sourceTree = "<group>"; };
		C57E61A4255BB94800120018 /* OldFilterOptionsListCustomCellView.swift */ = {isa = PBXFileReference; fileEncoding = 4; lastKnownFileType = sourcecode.swift; path = OldFilterOptionsListCustomCellView.swift; sourceTree = "<group>"; };
		C57E61A5255BB94800120018 /* FilterOptionsZipCodeTableCell.swift */ = {isa = PBXFileReference; fileEncoding = 4; lastKnownFileType = sourcecode.swift; path = FilterOptionsZipCodeTableCell.swift; sourceTree = "<group>"; };
		C57E61A6255BB94800120018 /* OldFilterOptionsListTableViewController.swift */ = {isa = PBXFileReference; fileEncoding = 4; lastKnownFileType = sourcecode.swift; path = OldFilterOptionsListTableViewController.swift; sourceTree = "<group>"; };
		C57E61A7255BB94900120018 /* OldFilterOptionsSegmentedCustomCellView.swift */ = {isa = PBXFileReference; fileEncoding = 4; lastKnownFileType = sourcecode.swift; path = OldFilterOptionsSegmentedCustomCellView.swift; sourceTree = "<group>"; };
		C57E61A8255BB94900120018 /* OldFilterOptionsBreedCustomCellView.swift */ = {isa = PBXFileReference; fileEncoding = 4; lastKnownFileType = sourcecode.swift; path = OldFilterOptionsBreedCustomCellView.swift; sourceTree = "<group>"; };
		C57E61B0255BB9DD00120018 /* Globals.swift */ = {isa = PBXFileReference; fileEncoding = 4; lastKnownFileType = sourcecode.swift; path = Globals.swift; sourceTree = "<group>"; };
		C57E61B9255BBAB800120018 /* HorizontalLayoutVaryingWidths.swift */ = {isa = PBXFileReference; fileEncoding = 4; lastKnownFileType = sourcecode.swift; path = HorizontalLayoutVaryingWidths.swift; sourceTree = "<group>"; };
		C57E61BC255BBAED00120018 /* Tools.swift */ = {isa = PBXFileReference; fileEncoding = 4; lastKnownFileType = sourcecode.swift; path = Tools.swift; sourceTree = "<group>"; };
		C57E61C7255BBDC000120018 /* BreedHeadshots.xcassets */ = {isa = PBXFileReference; lastKnownFileType = folder.assetcatalog; path = BreedHeadshots.xcassets; sourceTree = "<group>"; };
		C57E61D3255BDAB000120018 /* OldSelectedItemTableViewCell.swift */ = {isa = PBXFileReference; fileEncoding = 4; lastKnownFileType = sourcecode.swift; path = OldSelectedItemTableViewCell.swift; sourceTree = "<group>"; };
		C57E61D7255BDB1E00120018 /* MainTabBarViewController.swift */ = {isa = PBXFileReference; fileEncoding = 4; lastKnownFileType = sourcecode.swift; path = MainTabBarViewController.swift; sourceTree = "<group>"; };
		C57E61DA255BDB5A00120018 /* RescueSheltersAPI.swift */ = {isa = PBXFileReference; fileEncoding = 4; lastKnownFileType = sourcecode.swift; path = RescueSheltersAPI.swift; sourceTree = "<group>"; };
		C57E61EA255BDF4E00120018 /* OldToolCollectionViewCell.swift */ = {isa = PBXFileReference; fileEncoding = 4; lastKnownFileType = sourcecode.swift; path = OldToolCollectionViewCell.swift; sourceTree = "<group>"; };
		C57E61FA255BE1F300120018 /* OldPetFinderFind.swift */ = {isa = PBXFileReference; fileEncoding = 4; lastKnownFileType = sourcecode.swift; path = OldPetFinderFind.swift; sourceTree = "<group>"; };
		C57E61FE255BE35E00120018 /* CustomHeader.h */ = {isa = PBXFileReference; fileEncoding = 4; lastKnownFileType = sourcecode.c.h; path = CustomHeader.h; sourceTree = "<group>"; };
		C57E61FF255BE35E00120018 /* CustomHeader.m */ = {isa = PBXFileReference; fileEncoding = 4; lastKnownFileType = sourcecode.c.objc; path = CustomHeader.m; sourceTree = "<group>"; };
		C57E6204255BE41500120018 /* Common.h */ = {isa = PBXFileReference; fileEncoding = 4; lastKnownFileType = sourcecode.c.h; path = Common.h; sourceTree = "<group>"; };
		C57E6205255BE41500120018 /* Common.m */ = {isa = PBXFileReference; fileEncoding = 4; lastKnownFileType = sourcecode.c.objc; path = Common.m; sourceTree = "<group>"; };
		C57E6208255BE43100120018 /* CustomCellBackground.h */ = {isa = PBXFileReference; fileEncoding = 4; lastKnownFileType = sourcecode.c.h; path = CustomCellBackground.h; sourceTree = "<group>"; };
		C57E6209255BE43100120018 /* CustomFooter.m */ = {isa = PBXFileReference; fileEncoding = 4; lastKnownFileType = sourcecode.c.objc; path = CustomFooter.m; sourceTree = "<group>"; };
		C57E620A255BE43200120018 /* CoolTableViewController.h */ = {isa = PBXFileReference; fileEncoding = 4; lastKnownFileType = sourcecode.c.h; path = CoolTableViewController.h; sourceTree = "<group>"; };
		C57E620B255BE43200120018 /* CoolTableViewController.m */ = {isa = PBXFileReference; fileEncoding = 4; lastKnownFileType = sourcecode.c.objc; path = CoolTableViewController.m; sourceTree = "<group>"; };
		C57E620C255BE43200120018 /* CustomFooter.h */ = {isa = PBXFileReference; fileEncoding = 4; lastKnownFileType = sourcecode.c.h; path = CustomFooter.h; sourceTree = "<group>"; };
		C57E620D255BE43300120018 /* CustomCellBackground.m */ = {isa = PBXFileReference; fileEncoding = 4; lastKnownFileType = sourcecode.c.objc; path = CustomCellBackground.m; sourceTree = "<group>"; };
		C57E620E255BE43300120018 /* main_bg.jpg */ = {isa = PBXFileReference; lastKnownFileType = image.jpeg; path = main_bg.jpg; sourceTree = "<group>"; };
		C57E621F255C06FE00120018 /* AdoptableCatsCollectionViewViewController.swift */ = {isa = PBXFileReference; lastKnownFileType = sourcecode.swift; path = AdoptableCatsCollectionViewViewController.swift; sourceTree = "<group>"; };
		C57E6222255C072B00120018 /* AdoptableCatsCollectionViewCell.swift */ = {isa = PBXFileReference; lastKnownFileType = sourcecode.swift; path = AdoptableCatsCollectionViewCell.swift; sourceTree = "<group>"; };
		C5878FAB26AE09E00032F461 /* SplashScreen.swift */ = {isa = PBXFileReference; lastKnownFileType = sourcecode.swift; path = SplashScreen.swift; sourceTree = "<group>"; };
		C59C8DEC25624CF200044503 /* SegmentCollectionViewCell.swift */ = {isa = PBXFileReference; lastKnownFileType = sourcecode.swift; path = SegmentCollectionViewCell.swift; sourceTree = "<group>"; };
		C5A2DAF725BB958100F3B13C /* GradientButton.swift */ = {isa = PBXFileReference; lastKnownFileType = sourcecode.swift; path = GradientButton.swift; sourceTree = "<group>"; };
		C5A2DB1925BCCEB500F3B13C /* ValueLabel.swift */ = {isa = PBXFileReference; lastKnownFileType = sourcecode.swift; path = ValueLabel.swift; sourceTree = "<group>"; };
		C5AEFA3925ABD292003F5E2B /* StatsTableViewCell.swift */ = {isa = PBXFileReference; lastKnownFileType = sourcecode.swift; path = StatsTableViewCell.swift; sourceTree = "<group>"; };
		C5B2D23D25AF17F20001A83F /* FitValues.swift */ = {isa = PBXFileReference; lastKnownFileType = sourcecode.swift; path = FitValues.swift; sourceTree = "<group>"; };
		C5B3F87926B3480400EBA0B3 /* BaseQuestionViewController.swift */ = {isa = PBXFileReference; lastKnownFileType = sourcecode.swift; path = BaseQuestionViewController.swift; sourceTree = "<group>"; };
		C5B3F87B26B34F0C00EBA0B3 /* QuestionCollectionViewController.swift */ = {isa = PBXFileReference; lastKnownFileType = sourcecode.swift; path = QuestionCollectionViewController.swift; sourceTree = "<group>"; };
		C5B3F87D26B3653A00EBA0B3 /* QuestionPics.xcassets */ = {isa = PBXFileReference; lastKnownFileType = folder.assetcatalog; path = QuestionPics.xcassets; sourceTree = "<group>"; };
		C5B3F87F26B36CF100EBA0B3 /* QuestionCollectionViewCell.swift */ = {isa = PBXFileReference; lastKnownFileType = sourcecode.swift; path = QuestionCollectionViewCell.swift; sourceTree = "<group>"; };
		C5B87E572603BF44004906BF /* ParentViewController.swift */ = {isa = PBXFileReference; lastKnownFileType = sourcecode.swift; path = ParentViewController.swift; sourceTree = "<group>"; };
		C5B87E6A26045252004906BF /* RescueGroupFilter.swift */ = {isa = PBXFileReference; lastKnownFileType = sourcecode.swift; path = RescueGroupFilter.swift; sourceTree = "<group>"; };
		C5D9C57725901B7B00CC6A14 /* FilterViewController.swift */ = {isa = PBXFileReference; lastKnownFileType = sourcecode.swift; path = FilterViewController.swift; sourceTree = "<group>"; };
		C5DB5A1D257B126C00B112F4 /* YouTubeViewController.swift */ = {isa = PBXFileReference; lastKnownFileType = sourcecode.swift; path = YouTubeViewController.swift; sourceTree = "<group>"; };
		C5DFC41126D44AD700AC01AE /* tlc.gif */ = {isa = PBXFileReference; lastKnownFileType = image.gif; path = tlc.gif; sourceTree = "<group>"; };
		C5DFC41226D44AD700AC01AE /* autonomy.gif */ = {isa = PBXFileReference; lastKnownFileType = image.gif; path = autonomy.gif; sourceTree = "<group>"; };
		C5DFC41326D44AD800AC01AE /* talkative.gif */ = {isa = PBXFileReference; lastKnownFileType = image.gif; path = talkative.gif; sourceTree = "<group>"; };
		C5E1907825607EAB00A885A9 /* BreedsInChartInfo.swift */ = {isa = PBXFileReference; lastKnownFileType = sourcecode.swift; path = BreedsInChartInfo.swift; sourceTree = "<group>"; };
		C5E930782601A600005A0E90 /* OfflineQuery.swift */ = {isa = PBXFileReference; lastKnownFileType = sourcecode.swift; path = OfflineQuery.swift; sourceTree = "<group>"; };
		C5E9307B2601A769005A0E90 /* OfflineQueryAPI.swift */ = {isa = PBXFileReference; lastKnownFileType = sourcecode.swift; path = OfflineQueryAPI.swift; sourceTree = "<group>"; };
		C5E9307E2601E05A005A0E90 /* User.swift */ = {isa = PBXFileReference; lastKnownFileType = sourcecode.swift; path = User.swift; sourceTree = "<group>"; };
		C5E930832602713B005A0E90 /* NotificationsDelegate.swift */ = {isa = PBXFileReference; lastKnownFileType = sourcecode.swift; path = NotificationsDelegate.swift; sourceTree = "<group>"; };
		C5E93087260274FD005A0E90 /* ApnsUploads.swift */ = {isa = PBXFileReference; lastKnownFileType = sourcecode.swift; path = ApnsUploads.swift; sourceTree = "<group>"; };
		C5F0CB242581A5C60070490E /* FelineFinder.entitlements */ = {isa = PBXFileReference; lastKnownFileType = text.plist.entitlements; path = FelineFinder.entitlements; sourceTree = "<group>"; };
		C5F9C65925778B5000861A76 /* BreedPhotoCollectionViewCell.swift */ = {isa = PBXFileReference; lastKnownFileType = sourcecode.swift; path = BreedPhotoCollectionViewCell.swift; sourceTree = "<group>"; };
		C5F9C65D2577935A00861A76 /* BreedGalleryPet.swift */ = {isa = PBXFileReference; lastKnownFileType = sourcecode.swift; path = BreedGalleryPet.swift; sourceTree = "<group>"; };
		C5F9C6B22578FB9A00861A76 /* RSUtilities.swift */ = {isa = PBXFileReference; fileEncoding = 4; lastKnownFileType = sourcecode.swift; path = RSUtilities.swift; sourceTree = "<group>"; };
		C5F9C7C02579056800861A76 /* SceneDelegate.swift */ = {isa = PBXFileReference; fileEncoding = 4; lastKnownFileType = sourcecode.swift; path = SceneDelegate.swift; sourceTree = "<group>"; };
		C5F9C8CE257916DE00861A76 /* PinterestLayout.swift */ = {isa = PBXFileReference; lastKnownFileType = sourcecode.swift; path = PinterestLayout.swift; sourceTree = "<group>"; };
/* End PBXFileReference section */

/* Begin PBXFrameworksBuildPhase section */
		C57E5732255BAF9B00120018 /* Frameworks */ = {
			isa = PBXFrameworksBuildPhase;
			buildActionMask = 2147483647;
			files = (
				121B5DF966C286A163AFF1F5 /* Pods_FelineFinder.framework in Frameworks */,
			);
			runOnlyForDeploymentPostprocessing = 0;
		};
/* End PBXFrameworksBuildPhase section */

/* Begin PBXGroup section */
		52491F3844CB9E7E4A0C4C56 /* Pods */ = {
			isa = PBXGroup;
			children = (
				BB7C8A351FB4D2372B8F6BAF /* Pods-FelineFinder.debug.xcconfig */,
				71F68C1D049D00694F9F0FD2 /* Pods-FelineFinder.release.xcconfig */,
			);
			path = Pods;
			sourceTree = "<group>";
		};
		544962BD5CCD269B7C990A27 /* Frameworks */ = {
			isa = PBXGroup;
			children = (
				8CF9DEF001F3F2C9D58A55E3 /* Pods_FelineFinder.framework */,
			);
			name = Frameworks;
			sourceTree = "<group>";
		};
		C5179BA125647D72005EC381 /* Transitions */ = {
			isa = PBXGroup;
			children = (
				C5179BA225647D84005EC381 /* PopAnimator.swift */,
			);
			path = Transitions;
			sourceTree = "<group>";
		};
		C51E1AC4255EC5BE00167D15 /* Components */ = {
			isa = PBXGroup;
			children = (
				C5E93086260274DA005A0E90 /* Apns */,
				C5F9C8CD2579165500861A76 /* Custom Layouts */,
				C57E5E1F255BB57E00120018 /* Favorites.swift */,
				C57E5E28255BB58100120018 /* Utilities.swift */,
				C5E1907825607EAB00A885A9 /* BreedsInChartInfo.swift */,
				C5B2D23D25AF17F20001A83F /* FitValues.swift */,
				C5179BA125647D72005EC381 /* Transitions */,
				C51E1AC7255EC5E800167D15 /* ToolbarMenu */,
				C51E1AC5255EC5C700167D15 /* Graph */,
				C53DCE8725FBFC50004011EC /* SearchTimer.swift */,
			);
			path = Components;
			sourceTree = "<group>";
		};
		C51E1AC5255EC5C700167D15 /* Graph */ = {
			isa = PBXGroup;
			children = (
				C51E1ACC255EC63600167D15 /* GraphView.swift */,
				C51E1ACD255EC63600167D15 /* GraphXAxisView.swift */,
				C51E1ACB255EC63500167D15 /* PercentBarView.swift */,
			);
			path = Graph;
			sourceTree = "<group>";
		};
		C51E1AC6255EC5D300167D15 /* SegmentLayout */ = {
			isa = PBXGroup;
			children = (
				C5A2DAF725BB958100F3B13C /* GradientButton.swift */,
				C51E1AD2255EC66500167D15 /* GradientCollectionViewCell.swift */,
				C51E1AD3255EC66500167D15 /* MultiRowGradientLayout.swift */,
				C5A2DB1925BCCEB500F3B13C /* ValueLabel.swift */,
			);
			path = SegmentLayout;
			sourceTree = "<group>";
		};
		C51E1AC7255EC5E800167D15 /* ToolbarMenu */ = {
			isa = PBXGroup;
			children = (
				C51E1AC8255EC61F00167D15 /* Toolbar.swift */,
			);
			path = ToolbarMenu;
			sourceTree = "<group>";
		};
		C528F50D2656074E00F49BF5 /* BreedCard Classes */ = {
			isa = PBXGroup;
			children = (
				C528F510265608BB00F49BF5 /* CardStackView.swift */,
				C528F50F265608BB00F49BF5 /* CardView.swift */,
				C528F50E265608BB00F49BF5 /* PaginationView.swift */,
			);
			path = "BreedCard Classes";
			sourceTree = "<group>";
		};
		C566D47A25AFF2150087412F /* Old Filter Code */ = {
			isa = PBXGroup;
			children = (
				C57E61FA255BE1F300120018 /* OldPetFinderFind.swift */,
				C57E61A8255BB94900120018 /* OldFilterOptionsBreedCustomCellView.swift */,
				C57E61A3255BB94800120018 /* OldFilterOptionSearch.swift */,
				C57E61A4255BB94800120018 /* OldFilterOptionsListCustomCellView.swift */,
				C57E61A6255BB94800120018 /* OldFilterOptionsListTableViewController.swift */,
				C57E61A7255BB94900120018 /* OldFilterOptionsSegmentedCustomCellView.swift */,
				C57E61D3255BDAB000120018 /* OldSelectedItemTableViewCell.swift */,
			);
			path = "Old Filter Code";
			sourceTree = "<group>";
		};
		C566D47C25AFF24B0087412F /* Old Adopt Code */ = {
			isa = PBXGroup;
			children = (
				C57E6192255BB90200120018 /* OldMainTabAdoptableCats.swift */,
				C57E61EA255BDF4E00120018 /* OldToolCollectionViewCell.swift */,
				C57E6193255BB90200120018 /* OldMainTabAdoptableCatsMainTVCell.swift */,
				C57E6191255BB90100120018 /* OldMainTabAdoptableCatsSubCVCell.swift */,
			);
			path = "Old Adopt Code";
			sourceTree = "<group>";
		};
		C56BD71F26B309E300E0E63D /* Fit */ = {
			isa = PBXGroup;
			children = (
				C57E619A255BB92000120018 /* FitQuestionSliderTableViewCell.swift */,
				C57E619B255BB92100120018 /* MainTabFitViewController.swift */,
				C59C8DEC25624CF200044503 /* SegmentCollectionViewCell.swift */,
				C57E6199255BB92000120018 /* FitBreedTableViewCell.swift */,
				C57E6198255BB92000120018 /* FitDialogViewController.swift */,
				C57E619C255BB92100120018 /* FitQuestionSegmentTableViewCell.swift */,
			);
			path = Fit;
			sourceTree = "<group>";
		};
		C56BD72226B30AB900E0E63D /* Survey */ = {
			isa = PBXGroup;
			children = (
				C56BD72326B315EB00E0E63D /* QuestionScaleViewController.swift */,
				C5B3F87926B3480400EBA0B3 /* BaseQuestionViewController.swift */,
				C5B3F87B26B34F0C00EBA0B3 /* QuestionCollectionViewController.swift */,
				C5B3F87F26B36CF100EBA0B3 /* QuestionCollectionViewCell.swift */,
			);
			indentWidth = 3;
			path = Survey;
			sourceTree = "<group>";
		};
		C57D50E7256ED4B500D0842B /* Container View Controllers */ = {
			isa = PBXGroup;
			children = (
				C57D50EC256ED4E800D0842B /* Gallery */,
				C57D50EA256ED4D700D0842B /* Stats */,
				C57D50E9256ED4CC00D0842B /* Info */,
			);
			path = "Container View Controllers";
			sourceTree = "<group>";
		};
		C57D50E9256ED4CC00D0842B /* Info */ = {
			isa = PBXGroup;
			children = (
				C57D50ED256ED53700D0842B /* BreedInfoViewController.swift */,
			);
			path = Info;
			sourceTree = "<group>";
		};
		C57D50EA256ED4D700D0842B /* Stats */ = {
			isa = PBXGroup;
			children = (
				C57D50F1256ED55000D0842B /* BreedStatsViewController.swift */,
				C5AEFA3925ABD292003F5E2B /* StatsTableViewCell.swift */,
			);
			path = Stats;
			sourceTree = "<group>";
		};
		C57D50EC256ED4E800D0842B /* Gallery */ = {
			isa = PBXGroup;
			children = (
				C57D50F7256ED58100D0842B /* BreedGalleryViewController.swift */,
				C57D511C256FC5C700D0842B /* BreedVideoCollectionViewCell.swift */,
				C5F9C65925778B5000861A76 /* BreedPhotoCollectionViewCell.swift */,
			);
			path = Gallery;
			sourceTree = "<group>";
		};
		C57E572C255BAF9B00120018 = {
			isa = PBXGroup;
			children = (
				C57E5737255BAF9B00120018 /* FelineFinder */,
				C57E5736255BAF9B00120018 /* Products */,
				52491F3844CB9E7E4A0C4C56 /* Pods */,
				544962BD5CCD269B7C990A27 /* Frameworks */,
			);
			sourceTree = "<group>";
		};
		C57E5736255BAF9B00120018 /* Products */ = {
			isa = PBXGroup;
			children = (
				C57E5735255BAF9B00120018 /* FelineFinder.app */,
			);
			name = Products;
			sourceTree = "<group>";
		};
		C57E5737255BAF9B00120018 /* FelineFinder */ = {
			isa = PBXGroup;
			children = (
				C5F0CB242581A5C60070490E /* FelineFinder.entitlements */,
				C57E575F255BB1D400120018 /* Common */,
				C51E1AC4255EC5BE00167D15 /* Components */,
				C57E5DE5255BB46600120018 /* CommonFiles */,
				C57E576C255BB2CA00120018 /* ObjectiveCCode */,
				C57E5762255BB1FD00120018 /* Database */,
				C57E5761255BB1EE00120018 /* Networking */,
				C57E5760255BB1E500120018 /* Models */,
				C57E6187255BB87200120018 /* ViewControllers */,
				C57E616F255BB78E00120018 /* AppDelegate.swift */,
				C5F9C7C02579056800861A76 /* SceneDelegate.swift */,
				C57E61D7255BDB1E00120018 /* MainTabBarViewController.swift */,
				C57E573E255BAF9B00120018 /* Main.storyboard */,
				C57BE7E9255C327900C89D76 /* Info.plist */,
				C5B3F87D26B3653A00EBA0B3 /* QuestionPics.xcassets */,
				C57E5741255BAF9D00120018 /* Assets.xcassets */,
				C57E61C7255BBDC000120018 /* BreedHeadshots.xcassets */,
				C57E5743255BAF9D00120018 /* LaunchScreen.storyboard */,
				C57D50E4256EB70900D0842B /* BreedHeadshotCartoons.xcassets */,
				C57D510F256EFB1600D0842B /* Breed Photos Full.xcassets */,
				C56E7046257BB67A00AAD927 /* FelineFinder-Info.plist */,
			);
			path = FelineFinder;
			sourceTree = "<group>";
		};
		C57E5758255BB18B00120018 /* AdoptACat */ = {
			isa = PBXGroup;
			children = (
				C566D47C25AFF24B0087412F /* Old Adopt Code */,
				C57BE806255C96AD00C89D76 /* toolCell.swift */,
				C57BE809255C96C900C89D76 /* mediaCell.swift */,
				C57E6222255C072B00120018 /* AdoptableCatsCollectionViewCell.swift */,
				C57E621F255C06FE00120018 /* AdoptableCatsCollectionViewViewController.swift */,
				C57BE7F8255C707500C89D76 /* AdoptableCatsDetailViewController.swift */,
				C530481D25A2533B0071A32C /* AdoptableHeaderTableViewCell.swift */,
				C530482025A255C10071A32C /* AdoptableDescriptionTableViewCell.swift */,
			);
			path = AdoptACat;
			sourceTree = "<group>";
		};
		C57E575A255BB19A00120018 /* Breeds */ = {
			isa = PBXGroup;
			children = (
				C528F51426560A9B00F49BF5 /* BreedCardsViewController.swift */,
				C528F50D2656074E00F49BF5 /* BreedCard Classes */,
				C57D50E7256ED4B500D0842B /* Container View Controllers */,
				C57E618A255BB8E300120018 /* MainTabBreedCollectionViewCell.swift */,
				C57E6189255BB8E200120018 /* MainTabBreedTableViewCell.swift */,
				C57E618B255BB8E300120018 /* MainTabBreedToolCollectionViewCell.swift */,
				C57E6188255BB8E200120018 /* MainTabBreedViewController.swift */,
				C57D50DB256DD19E00D0842B /* MainBreedCollectionViewController.swift */,
				C57D50DE256DDC1400D0842B /* MainBreedCollectionViewCell.swift */,
				C57D50E1256DDE1B00D0842B /* BreedSectionHeaderCollectionReusableView.swift */,
				C57D50FE256ED61700D0842B /* BreedDetailViewController.swift */,
			);
			path = Breeds;
			sourceTree = "<group>";
		};
		C57E575C255BB1A300120018 /* Survey and Fit */ = {
			isa = PBXGroup;
			children = (
				C56BD72026B30AA700E0E63D /* SurveyPageViewController.swift */,
				C56BD71F26B309E300E0E63D /* Fit */,
				C56BD72226B30AB900E0E63D /* Survey */,
			);
			path = "Survey and Fit";
			sourceTree = "<group>";
		};
		C57E575D255BB1AA00120018 /* Favorites */ = {
			isa = PBXGroup;
			children = (
				C51CBD4925817299006B2D12 /* FavoritesViewController.swift */,
			);
			path = Favorites;
			sourceTree = "<group>";
		};
		C57E575E255BB1B400120018 /* Filter */ = {
			isa = PBXGroup;
			children = (
				C566D47A25AFF2150087412F /* Old Filter Code */,
				C5D9C57725901B7B00CC6A14 /* FilterViewController.swift */,
				C52C82BC25AFAA42006633CD /* FilterSectionLabelTableViewCell.swift */,
				C52C82BF25AFAB29006633CD /* FilterOptionTableViewCell.swift */,
				C57E61A5255BB94800120018 /* FilterOptionsZipCodeTableCell.swift */,
				C52C82C225AFB124006633CD /* OptionLabelCell.swift */,
				C52C82C525AFB1AA006633CD /* OptionValueCell.swift */,
				C566D47E25AFF3520087412F /* TextFieldWithImage.swift */,
				C53DCE6425FAF8DB004011EC /* BreedsViewController.swift */,
				C53DCE7525FAFCBA004011EC /* BreedTableViewCell.swift */,
			);
			path = Filter;
			sourceTree = "<group>";
		};
		C57E575F255BB1D400120018 /* Common */ = {
			isa = PBXGroup;
			children = (
				C57E61BC255BBAED00120018 /* Tools.swift */,
				C57E61B0255BB9DD00120018 /* Globals.swift */,
				C57E5769255BB28B00120018 /* CatLogoLayer.swift */,
				C57E5763255BB26F00120018 /* ZoomViewControler.swift */,
			);
			path = Common;
			sourceTree = "<group>";
		};
		C57E5760255BB1E500120018 /* Models */ = {
			isa = PBXGroup;
			children = (
				C5F9C6712578F89400861A76 /* Codable */,
				C5F9C6732578F8BB00861A76 /* Database */,
			);
			path = Models;
			sourceTree = "<group>";
		};
		C57E5761255BB1EE00120018 /* Networking */ = {
			isa = PBXGroup;
			children = (
				C5F9C65D2577935A00861A76 /* BreedGalleryPet.swift */,
				C57E61DA255BDB5A00120018 /* RescueSheltersAPI.swift */,
				C57E6178255BB7B900120018 /* DataResponseError.swift */,
				C57E6176255BB7B800120018 /* HTTPURLResponse.swift */,
				C5F9C6B22578FB9A00861A76 /* RSUtilities.swift */,
				C57E6173255BB7B700120018 /* ModeratorRequest.swift */,
				C57E6174255BB7B700120018 /* PagedModeratorResponse.swift */,
				C57E6172255BB7B700120018 /* RescuePetsAPI5.swift */,
				C57E617A255BB7B900120018 /* Result.swift */,
				C57E617B255BB7BA00120018 /* URLRequest.swift */,
				C57E5E11255BB57B00120018 /* YouTubeAPI.swift */,
				C57E5E21255BB57F00120018 /* DownloadManager.swift */,
				C5E9307B2601A769005A0E90 /* OfflineQueryAPI.swift */,
			);
			path = Networking;
			sourceTree = "<group>";
		};
		C57E5762255BB1FD00120018 /* Database */ = {
			isa = PBXGroup;
			children = (
				C57E5E20255BB57F00120018 /* DatabaseManager.swift */,
				C57E5DE3255BB44200120018 /* CatFinder.db */,
			);
			path = Database;
			sourceTree = "<group>";
		};
		C57E576C255BB2CA00120018 /* ObjectiveCCode */ = {
			isa = PBXGroup;
			children = (
				C57E5E0C255BB4F300120018 /* FelineFinder-Bridging-Header.h */,
				C57E61FD255BE34C00120018 /* Cool Table */,
			);
			path = ObjectiveCCode;
			sourceTree = "<group>";
		};
		C57E5DE5255BB46600120018 /* CommonFiles */ = {
			isa = PBXGroup;
			children = (
				C57E5DE6255BB47400120018 /* QuestionGIFs */,
			);
			path = CommonFiles;
			sourceTree = "<group>";
		};
		C57E5DE6255BB47400120018 /* QuestionGIFs */ = {
			isa = PBXGroup;
			children = (
				C5DFC41226D44AD700AC01AE /* autonomy.gif */,
				C5DFC41326D44AD800AC01AE /* talkative.gif */,
				C5DFC41126D44AD700AC01AE /* tlc.gif */,
				C57E5DEB255BB49700120018 /* size.gif */,
				C57E5DE8255BB49600120018 /* autonomy_old.gif */,
				C57E5DED255BB49700120018 /* catpaws.png */,
				C57E5DEE255BB49800120018 /* catpaws2.png */,
				C57E5DF3255BB49900120018 /* energy_level.gif */,
				C57E5DF6255BB49A00120018 /* fitness.gif */,
				C57E5DF2255BB49900120018 /* Fun_Loving.gif */,
				C57E5DE7255BB49600120018 /* good_with_children.gif */,
				C57E5DF1255BB49800120018 /* good_with_pets.gif */,
				C57E5DE9255BB49700120018 /* grooming.gif */,
				C57E5DF5255BB49900120018 /* hair.gif */,
				C57E5DEA255BB49700120018 /* hair2.gif */,
				C57E5DEF255BB49800120018 /* petting.gif */,
				C57E5DEC255BB49700120018 /* smartcat.gif */,
				C57E5DF4255BB49900120018 /* talkative_old.gif */,
				C57E5DF7255BB49A00120018 /* Thinking.gif */,
				C57E5DF0255BB49800120018 /* welcome_cat.gif */,
			);
			path = QuestionGIFs;
			sourceTree = "<group>";
		};
		C57E6187255BB87200120018 /* ViewControllers */ = {
			isa = PBXGroup;
			children = (
				C5DB5A1C257B124500B112F4 /* YouTubePlayer */,
				C57E575E255BB1B400120018 /* Filter */,
				C57E575D255BB1AA00120018 /* Favorites */,
				C57E575C255BB1A300120018 /* Survey and Fit */,
				C57E575A255BB19A00120018 /* Breeds */,
				C57E5758255BB18B00120018 /* AdoptACat */,
				C5B87E572603BF44004906BF /* ParentViewController.swift */,
				C5878FAB26AE09E00032F461 /* SplashScreen.swift */,
			);
			path = ViewControllers;
			sourceTree = "<group>";
		};
		C57E61FD255BE34C00120018 /* Cool Table */ = {
			isa = PBXGroup;
			children = (
				C57E620A255BE43200120018 /* CoolTableViewController.h */,
				C57E620B255BE43200120018 /* CoolTableViewController.m */,
				C57E6208255BE43100120018 /* CustomCellBackground.h */,
				C57E620D255BE43300120018 /* CustomCellBackground.m */,
				C57E620C255BE43200120018 /* CustomFooter.h */,
				C57E6209255BE43100120018 /* CustomFooter.m */,
				C57E620E255BE43300120018 /* main_bg.jpg */,
				C57E6204255BE41500120018 /* Common.h */,
				C57E6205255BE41500120018 /* Common.m */,
				C57E61FE255BE35E00120018 /* CustomHeader.h */,
				C57E61FF255BE35E00120018 /* CustomHeader.m */,
			);
			path = "Cool Table";
			sourceTree = "<group>";
		};
		C5DB5A1C257B124500B112F4 /* YouTubePlayer */ = {
			isa = PBXGroup;
			children = (
				C5DB5A1D257B126C00B112F4 /* YouTubeViewController.swift */,
			);
			path = YouTubePlayer;
			sourceTree = "<group>";
		};
		C5E93086260274DA005A0E90 /* Apns */ = {
			isa = PBXGroup;
			children = (
				C5E930832602713B005A0E90 /* NotificationsDelegate.swift */,
				C5E93087260274FD005A0E90 /* ApnsUploads.swift */,
			);
			path = Apns;
			sourceTree = "<group>";
		};
		C5F9C6712578F89400861A76 /* Codable */ = {
			isa = PBXGroup;
			children = (
				C57E5E1E255BB57E00120018 /* FelineFinderBasePets.swift */,
				C57E5E14255BB57C00120018 /* FelineFinderBaseSheltersAPI.swift */,
				C57E5E24255BB58000120018 /* PetImage.swift */,
				C57E5E15255BB57C00120018 /* RescuePetsAPI2.swift */,
				C57E5E27255BB58000120018 /* RescueSheltersAPI2.swift */,
				C5E930782601A600005A0E90 /* OfflineQuery.swift */,
				C5E9307E2601E05A005A0E90 /* User.swift */,
				C5B87E6A26045252004906BF /* RescueGroupFilter.swift */,
				C500E6B626CE26B1005FDFC3 /* ZipCodeAPI.swift */,
			);
			path = Codable;
			sourceTree = "<group>";
		};
		C5F9C6732578F8BB00861A76 /* Database */ = {
			isa = PBXGroup;
			children = (
				C57E5E23255BB57F00120018 /* BreedList.swift */,
				C57E5E17255BB57D00120018 /* BreedStats.swift */,
				C57E5E16255BB57C00120018 /* FilteringOptions.swift */,
				C57E5E25255BB58000120018 /* Questions.swift */,
				C57E5E1A255BB57D00120018 /* SavedSearches.swift */,
			);
			path = Database;
			sourceTree = "<group>";
		};
		C5F9C8CD2579165500861A76 /* Custom Layouts */ = {
			isa = PBXGroup;
			children = (
				C57E61B9255BBAB800120018 /* HorizontalLayoutVaryingWidths.swift */,
				C51E1AC6255EC5D300167D15 /* SegmentLayout */,
				C5F9C8CE257916DE00861A76 /* PinterestLayout.swift */,
			);
			path = "Custom Layouts";
			sourceTree = "<group>";
		};
/* End PBXGroup section */

/* Begin PBXNativeTarget section */
		C57E5734255BAF9B00120018 /* FelineFinder */ = {
			isa = PBXNativeTarget;
			buildConfigurationList = C57E5749255BAF9D00120018 /* Build configuration list for PBXNativeTarget "FelineFinder" */;
			buildPhases = (
				411B4B289D7DB8E59ABA87D4 /* [CP] Check Pods Manifest.lock */,
				C57E5731255BAF9B00120018 /* Sources */,
				C57E5732255BAF9B00120018 /* Frameworks */,
				C57E5733255BAF9B00120018 /* Resources */,
				80B5A03F421E0F97F1363FE0 /* [CP] Embed Pods Frameworks */,
			);
			buildRules = (
			);
			dependencies = (
			);
			name = FelineFinder;
			productName = FelineFinder;
			productReference = C57E5735255BAF9B00120018 /* FelineFinder.app */;
			productType = "com.apple.product-type.application";
		};
/* End PBXNativeTarget section */

/* Begin PBXProject section */
		C57E572D255BAF9B00120018 /* Project object */ = {
			isa = PBXProject;
			attributes = {
				LastSwiftUpdateCheck = 1210;
				LastUpgradeCheck = 1210;
				TargetAttributes = {
					C57E5734255BAF9B00120018 = {
						CreatedOnToolsVersion = 12.1;
						LastSwiftMigration = 1210;
					};
				};
			};
			buildConfigurationList = C57E5730255BAF9B00120018 /* Build configuration list for PBXProject "FelineFinder" */;
			compatibilityVersion = "Xcode 9.3";
			developmentRegion = en;
			hasScannedForEncodings = 0;
			knownRegions = (
				en,
				Base,
			);
			mainGroup = C57E572C255BAF9B00120018;
			productRefGroup = C57E5736255BAF9B00120018 /* Products */;
			projectDirPath = "";
			projectRoot = "";
			targets = (
				C57E5734255BAF9B00120018 /* FelineFinder */,
			);
		};
/* End PBXProject section */

/* Begin PBXResourcesBuildPhase section */
		C57E5733255BAF9B00120018 /* Resources */ = {
			isa = PBXResourcesBuildPhase;
			buildActionMask = 2147483647;
			files = (
				C57E5DFD255BB49A00120018 /* smartcat.gif in Resources */,
				C57E5745255BAF9D00120018 /* LaunchScreen.storyboard in Resources */,
				C5DFC41626D44AD800AC01AE /* talkative.gif in Resources */,
				C57E5E01255BB49A00120018 /* welcome_cat.gif in Resources */,
				C5B3F87E26B3653A00EBA0B3 /* QuestionPics.xcassets in Resources */,
				C57E5E02255BB49A00120018 /* good_with_pets.gif in Resources */,
				C57E5742255BAF9D00120018 /* Assets.xcassets in Resources */,
				C57D5110256EFB1700D0842B /* Breed Photos Full.xcassets in Resources */,
				C57D50E5256EB70900D0842B /* BreedHeadshotCartoons.xcassets in Resources */,
				C57E6212255BE43300120018 /* main_bg.jpg in Resources */,
				C57E5E04255BB49A00120018 /* energy_level.gif in Resources */,
				C57E5DF8255BB49A00120018 /* good_with_children.gif in Resources */,
				C57E5DFC255BB49A00120018 /* size.gif in Resources */,
				C57E5DF9255BB49A00120018 /* autonomy_old.gif in Resources */,
				C5DFC41526D44AD800AC01AE /* autonomy.gif in Resources */,
				C57E5E05255BB49A00120018 /* talkative_old.gif in Resources */,
				C5DFC41426D44AD800AC01AE /* tlc.gif in Resources */,
				C57E5E03255BB49A00120018 /* Fun_Loving.gif in Resources */,
				C57E6228255C228E00120018 /* CatFinder.db in Resources */,
				C57E5E00255BB49A00120018 /* petting.gif in Resources */,
				C57E61C8255BBDC000120018 /* BreedHeadshots.xcassets in Resources */,
				C57E5DFA255BB49A00120018 /* grooming.gif in Resources */,
				C57E5DFE255BB49A00120018 /* catpaws.png in Resources */,
				C57E5DFF255BB49A00120018 /* catpaws2.png in Resources */,
				C57E5740255BAF9B00120018 /* Main.storyboard in Resources */,
				C56E7047257BB67A00AAD927 /* FelineFinder-Info.plist in Resources */,
				C57E5E08255BB49A00120018 /* Thinking.gif in Resources */,
				C57E5E07255BB49A00120018 /* fitness.gif in Resources */,
				C57E5E06255BB49A00120018 /* hair.gif in Resources */,
				C57E5DFB255BB49A00120018 /* hair2.gif in Resources */,
			);
			runOnlyForDeploymentPostprocessing = 0;
		};
/* End PBXResourcesBuildPhase section */

/* Begin PBXShellScriptBuildPhase section */
		411B4B289D7DB8E59ABA87D4 /* [CP] Check Pods Manifest.lock */ = {
			isa = PBXShellScriptBuildPhase;
			buildActionMask = 2147483647;
			files = (
			);
			inputFileListPaths = (
			);
			inputPaths = (
				"${PODS_PODFILE_DIR_PATH}/Podfile.lock",
				"${PODS_ROOT}/Manifest.lock",
			);
			name = "[CP] Check Pods Manifest.lock";
			outputFileListPaths = (
			);
			outputPaths = (
				"$(DERIVED_FILE_DIR)/Pods-FelineFinder-checkManifestLockResult.txt",
			);
			runOnlyForDeploymentPostprocessing = 0;
			shellPath = /bin/sh;
			shellScript = "diff \"${PODS_PODFILE_DIR_PATH}/Podfile.lock\" \"${PODS_ROOT}/Manifest.lock\" > /dev/null\nif [ $? != 0 ] ; then\n    # print error to STDERR\n    echo \"error: The sandbox is not in sync with the Podfile.lock. Run 'pod install' or update your CocoaPods installation.\" >&2\n    exit 1\nfi\n# This output is used by Xcode 'outputs' to avoid re-running this script phase.\necho \"SUCCESS\" > \"${SCRIPT_OUTPUT_FILE_0}\"\n";
			showEnvVarsInLog = 0;
		};
		80B5A03F421E0F97F1363FE0 /* [CP] Embed Pods Frameworks */ = {
			isa = PBXShellScriptBuildPhase;
			buildActionMask = 2147483647;
			files = (
			);
			inputFileListPaths = (
				"${PODS_ROOT}/Target Support Files/Pods-FelineFinder/Pods-FelineFinder-frameworks-${CONFIGURATION}-input-files.xcfilelist",
			);
			name = "[CP] Embed Pods Frameworks";
			outputFileListPaths = (
				"${PODS_ROOT}/Target Support Files/Pods-FelineFinder/Pods-FelineFinder-frameworks-${CONFIGURATION}-output-files.xcfilelist",
			);
			runOnlyForDeploymentPostprocessing = 0;
			shellPath = /bin/sh;
			shellScript = "\"${PODS_ROOT}/Target Support Files/Pods-FelineFinder/Pods-FelineFinder-frameworks.sh\"\n";
			showEnvVarsInLog = 0;
		};
/* End PBXShellScriptBuildPhase section */

/* Begin PBXSourcesBuildPhase section */
		C57E5731255BAF9B00120018 /* Sources */ = {
			isa = PBXSourcesBuildPhase;
			buildActionMask = 2147483647;
			files = (
				C528F511265608BB00F49BF5 /* PaginationView.swift in Sources */,
				C53DCE7625FAFCBA004011EC /* BreedTableViewCell.swift in Sources */,
				C57E61FB255BE1F300120018 /* OldPetFinderFind.swift in Sources */,
				C5F9C6B32578FB9A00861A76 /* RSUtilities.swift in Sources */,
				C5B3F88026B36CF100EBA0B3 /* QuestionCollectionViewCell.swift in Sources */,
				C5E930842602713B005A0E90 /* NotificationsDelegate.swift in Sources */,
				C57E617E255BB7BA00120018 /* PagedModeratorResponse.swift in Sources */,
				C52C82C325AFB124006633CD /* OptionLabelCell.swift in Sources */,
				C5F9C7C12579056800861A76 /* SceneDelegate.swift in Sources */,
				C57E618C255BB8E300120018 /* MainTabBreedViewController.swift in Sources */,
				C59C8DED25624CF200044503 /* SegmentCollectionViewCell.swift in Sources */,
				C57E61D4255BDAB000120018 /* OldSelectedItemTableViewCell.swift in Sources */,
				C57E61A9255BB94900120018 /* OldFilterOptionSearch.swift in Sources */,
				C57E6185255BB7BA00120018 /* URLRequest.swift in Sources */,
				C57E61BD255BBAED00120018 /* Tools.swift in Sources */,
				C57E617D255BB7BA00120018 /* ModeratorRequest.swift in Sources */,
				C57D50FF256ED61700D0842B /* BreedDetailViewController.swift in Sources */,
				C53DCE6525FAF8DB004011EC /* BreedsViewController.swift in Sources */,
				C57E6196255BB90200120018 /* OldMainTabAdoptableCatsMainTVCell.swift in Sources */,
				C528F51526560A9B00F49BF5 /* BreedCardsViewController.swift in Sources */,
				C57E6206255BE41500120018 /* Common.m in Sources */,
				C57E61AE255BB94900120018 /* OldFilterOptionsBreedCustomCellView.swift in Sources */,
				C57E5E2F255BB58100120018 /* BreedStats.swift in Sources */,
				C566D47F25AFF3520087412F /* TextFieldWithImage.swift in Sources */,
				C57BE80A255C96C900C89D76 /* mediaCell.swift in Sources */,
				C5DB5A1E257B126C00B112F4 /* YouTubeViewController.swift in Sources */,
				C57E61AB255BB94900120018 /* FilterOptionsZipCodeTableCell.swift in Sources */,
				C57E576A255BB28B00120018 /* CatLogoLayer.swift in Sources */,
				C57E619D255BB92100120018 /* FitDialogViewController.swift in Sources */,
				C57E5E38255BB58100120018 /* DownloadManager.swift in Sources */,
				C57BE807255C96AD00C89D76 /* toolCell.swift in Sources */,
				C52C82C025AFAB29006633CD /* FilterOptionTableViewCell.swift in Sources */,
				C5B3F87C26B34F0C00EBA0B3 /* QuestionCollectionViewController.swift in Sources */,
				C57E61A1255BB92100120018 /* FitQuestionSegmentTableViewCell.swift in Sources */,
				C56BD72126B30AA700E0E63D /* SurveyPageViewController.swift in Sources */,
				C57E6223255C072B00120018 /* AdoptableCatsCollectionViewCell.swift in Sources */,
				C57D50DC256DD19E00D0842B /* MainBreedCollectionViewController.swift in Sources */,
				C57E6211255BE43300120018 /* CustomCellBackground.m in Sources */,
				C57E6200255BE35E00120018 /* CustomHeader.m in Sources */,
				C528F513265608BB00F49BF5 /* CardStackView.swift in Sources */,
				C56BD72426B315EB00E0E63D /* QuestionScaleViewController.swift in Sources */,
				C57E5E29255BB58100120018 /* YouTubeAPI.swift in Sources */,
				C5E93088260274FD005A0E90 /* ApnsUploads.swift in Sources */,
				C5B87E6B26045252004906BF /* RescueGroupFilter.swift in Sources */,
				C57E5E3A255BB58100120018 /* PetImage.swift in Sources */,
				C57E5E2E255BB58100120018 /* FilteringOptions.swift in Sources */,
				C57E6170255BB78E00120018 /* AppDelegate.swift in Sources */,
				C57D50EE256ED53700D0842B /* BreedInfoViewController.swift in Sources */,
				C5F9C65E2577935A00861A76 /* BreedGalleryPet.swift in Sources */,
				C57E6194255BB90200120018 /* OldMainTabAdoptableCatsSubCVCell.swift in Sources */,
				C57D50DF256DDC1400D0842B /* MainBreedCollectionViewCell.swift in Sources */,
				C57E61EC255BDF4E00120018 /* OldToolCollectionViewCell.swift in Sources */,
				C5A2DB1A25BCCEB600F3B13C /* ValueLabel.swift in Sources */,
				C57E61AA255BB94900120018 /* OldFilterOptionsListCustomCellView.swift in Sources */,
				C57E61AC255BB94900120018 /* OldFilterOptionsListTableViewController.swift in Sources */,
				C51E1ACE255EC63600167D15 /* PercentBarView.swift in Sources */,
				C57E6180255BB7BA00120018 /* HTTPURLResponse.swift in Sources */,
				C57E5764255BB26F00120018 /* ZoomViewControler.swift in Sources */,
				C57E619F255BB92100120018 /* FitQuestionSliderTableViewCell.swift in Sources */,
				C57E6182255BB7BA00120018 /* DataResponseError.swift in Sources */,
				C57E5E2C255BB58100120018 /* FelineFinderBaseSheltersAPI.swift in Sources */,
				C5179BA325647D84005EC381 /* PopAnimator.swift in Sources */,
				C51E1ACF255EC63600167D15 /* GraphView.swift in Sources */,
				C57E61AD255BB94900120018 /* OldFilterOptionsSegmentedCustomCellView.swift in Sources */,
				C57E61A0255BB92100120018 /* MainTabFitViewController.swift in Sources */,
				C57E5E32255BB58100120018 /* SavedSearches.swift in Sources */,
				C57D511D256FC5C800D0842B /* BreedVideoCollectionViewCell.swift in Sources */,
				C5E930792601A600005A0E90 /* OfflineQuery.swift in Sources */,
				C51CBD4A25817299006B2D12 /* FavoritesViewController.swift in Sources */,
				C57E617C255BB7BA00120018 /* RescuePetsAPI5.swift in Sources */,
				C52C82BD25AFAA42006633CD /* FilterSectionLabelTableViewCell.swift in Sources */,
				C57E61D8255BDB1E00120018 /* MainTabBarViewController.swift in Sources */,
				C57E619E255BB92100120018 /* FitBreedTableViewCell.swift in Sources */,
				C57D50E2256DDE1B00D0842B /* BreedSectionHeaderCollectionReusableView.swift in Sources */,
				C5F9C65A25778B5000861A76 /* BreedPhotoCollectionViewCell.swift in Sources */,
				C51E1AD4255EC66500167D15 /* GradientCollectionViewCell.swift in Sources */,
				C5878FAC26AE09E00032F461 /* SplashScreen.swift in Sources */,
				C57E5E36255BB58100120018 /* Favorites.swift in Sources */,
				C530481E25A2533B0071A32C /* AdoptableHeaderTableViewCell.swift in Sources */,
				C5B87E582603BF44004906BF /* ParentViewController.swift in Sources */,
				C5E9307F2601E05A005A0E90 /* User.swift in Sources */,
				C5AEFA3A25ABD292003F5E2B /* StatsTableViewCell.swift in Sources */,
				C57D50F2256ED55000D0842B /* BreedStatsViewController.swift in Sources */,
				C57E5E3B255BB58100120018 /* Questions.swift in Sources */,
				C51E1AD5255EC66500167D15 /* MultiRowGradientLayout.swift in Sources */,
				C500E6B726CE26B1005FDFC3 /* ZipCodeAPI.swift in Sources */,
				C57E61DB255BDB5A00120018 /* RescueSheltersAPI.swift in Sources */,
				C57E5E3E255BB58100120018 /* Utilities.swift in Sources */,
				C57E5E37255BB58100120018 /* DatabaseManager.swift in Sources */,
				C5F9C8CF257916DE00861A76 /* PinterestLayout.swift in Sources */,
				C51E1AC9255EC61F00167D15 /* Toolbar.swift in Sources */,
				C57E5E3D255BB58100120018 /* RescueSheltersAPI2.swift in Sources */,
				C5B3F87A26B3480400EBA0B3 /* BaseQuestionViewController.swift in Sources */,
				C530482125A255C10071A32C /* AdoptableDescriptionTableViewCell.swift in Sources */,
				C528F512265608BB00F49BF5 /* CardView.swift in Sources */,
				C5E9307C2601A769005A0E90 /* OfflineQueryAPI.swift in Sources */,
				C57E61BA255BBAB800120018 /* HorizontalLayoutVaryingWidths.swift in Sources */,
				C53DCE8825FBFC51004011EC /* SearchTimer.swift in Sources */,
				C57E6184255BB7BA00120018 /* Result.swift in Sources */,
				C57E6220255C06FE00120018 /* AdoptableCatsCollectionViewViewController.swift in Sources */,
				C5A2DAF825BB958100F3B13C /* GradientButton.swift in Sources */,
				C57BE7F9255C707500C89D76 /* AdoptableCatsDetailViewController.swift in Sources */,
				C57E5E35255BB58100120018 /* FelineFinderBasePets.swift in Sources */,
				C57E6210255BE43300120018 /* CoolTableViewController.m in Sources */,
				C5B2D23E25AF17F20001A83F /* FitValues.swift in Sources */,
				C57E618D255BB8E300120018 /* MainTabBreedTableViewCell.swift in Sources */,
				C57E620F255BE43300120018 /* CustomFooter.m in Sources */,
				C57E618F255BB8E300120018 /* MainTabBreedToolCollectionViewCell.swift in Sources */,
				C57E61B1255BB9DD00120018 /* Globals.swift in Sources */,
				C5E1907925607EAB00A885A9 /* BreedsInChartInfo.swift in Sources */,
				C57E5E2D255BB58100120018 /* RescuePetsAPI2.swift in Sources */,
				C5D9C57825901B7B00CC6A14 /* FilterViewController.swift in Sources */,
				C57E618E255BB8E300120018 /* MainTabBreedCollectionViewCell.swift in Sources */,
				C52C82C625AFB1AA006633CD /* OptionValueCell.swift in Sources */,
				C57E6195255BB90200120018 /* OldMainTabAdoptableCats.swift in Sources */,
				C57D50F8256ED58100D0842B /* BreedGalleryViewController.swift in Sources */,
				C57E5E39255BB58100120018 /* BreedList.swift in Sources */,
				C51E1AD0255EC63600167D15 /* GraphXAxisView.swift in Sources */,
			);
			runOnlyForDeploymentPostprocessing = 0;
		};
/* End PBXSourcesBuildPhase section */

/* Begin PBXVariantGroup section */
		C57E573E255BAF9B00120018 /* Main.storyboard */ = {
			isa = PBXVariantGroup;
			children = (
				C57E573F255BAF9B00120018 /* Base */,
			);
			name = Main.storyboard;
			sourceTree = "<group>";
		};
		C57E5743255BAF9D00120018 /* LaunchScreen.storyboard */ = {
			isa = PBXVariantGroup;
			children = (
				C57E5744255BAF9D00120018 /* Base */,
			);
			name = LaunchScreen.storyboard;
			sourceTree = "<group>";
		};
/* End PBXVariantGroup section */

/* Begin XCBuildConfiguration section */
		C57E5747255BAF9D00120018 /* Debug */ = {
			isa = XCBuildConfiguration;
			buildSettings = {
				ALWAYS_SEARCH_USER_PATHS = NO;
				CLANG_ANALYZER_NONNULL = YES;
				CLANG_ANALYZER_NUMBER_OBJECT_CONVERSION = YES_AGGRESSIVE;
				CLANG_CXX_LANGUAGE_STANDARD = "gnu++14";
				CLANG_CXX_LIBRARY = "libc++";
				CLANG_ENABLE_MODULES = YES;
				CLANG_ENABLE_OBJC_ARC = YES;
				CLANG_ENABLE_OBJC_WEAK = YES;
				CLANG_WARN_BLOCK_CAPTURE_AUTORELEASING = YES;
				CLANG_WARN_BOOL_CONVERSION = YES;
				CLANG_WARN_COMMA = YES;
				CLANG_WARN_CONSTANT_CONVERSION = YES;
				CLANG_WARN_DEPRECATED_OBJC_IMPLEMENTATIONS = YES;
				CLANG_WARN_DIRECT_OBJC_ISA_USAGE = YES_ERROR;
				CLANG_WARN_DOCUMENTATION_COMMENTS = YES;
				CLANG_WARN_EMPTY_BODY = YES;
				CLANG_WARN_ENUM_CONVERSION = YES;
				CLANG_WARN_INFINITE_RECURSION = YES;
				CLANG_WARN_INT_CONVERSION = YES;
				CLANG_WARN_NON_LITERAL_NULL_CONVERSION = YES;
				CLANG_WARN_OBJC_IMPLICIT_RETAIN_SELF = YES;
				CLANG_WARN_OBJC_LITERAL_CONVERSION = YES;
				CLANG_WARN_OBJC_ROOT_CLASS = YES_ERROR;
				CLANG_WARN_QUOTED_INCLUDE_IN_FRAMEWORK_HEADER = YES;
				CLANG_WARN_RANGE_LOOP_ANALYSIS = YES;
				CLANG_WARN_STRICT_PROTOTYPES = YES;
				CLANG_WARN_SUSPICIOUS_MOVE = YES;
				CLANG_WARN_UNGUARDED_AVAILABILITY = YES_AGGRESSIVE;
				CLANG_WARN_UNREACHABLE_CODE = YES;
				CLANG_WARN__DUPLICATE_METHOD_MATCH = YES;
				COPY_PHASE_STRIP = NO;
				DEBUG_INFORMATION_FORMAT = dwarf;
				ENABLE_STRICT_OBJC_MSGSEND = YES;
				ENABLE_TESTABILITY = YES;
				GCC_C_LANGUAGE_STANDARD = gnu11;
				GCC_DYNAMIC_NO_PIC = NO;
				GCC_NO_COMMON_BLOCKS = YES;
				GCC_OPTIMIZATION_LEVEL = 0;
				GCC_PREPROCESSOR_DEFINITIONS = (
					"DEBUG=1",
					"$(inherited)",
				);
				GCC_WARN_64_TO_32_BIT_CONVERSION = YES;
				GCC_WARN_ABOUT_RETURN_TYPE = YES_ERROR;
				GCC_WARN_UNDECLARED_SELECTOR = YES;
				GCC_WARN_UNINITIALIZED_AUTOS = YES_AGGRESSIVE;
				GCC_WARN_UNUSED_FUNCTION = YES;
				GCC_WARN_UNUSED_VARIABLE = YES;
				IPHONEOS_DEPLOYMENT_TARGET = 14.1;
				MTL_ENABLE_DEBUG_INFO = INCLUDE_SOURCE;
				MTL_FAST_MATH = YES;
				ONLY_ACTIVE_ARCH = YES;
				SDKROOT = iphoneos;
				SWIFT_ACTIVE_COMPILATION_CONDITIONS = DEBUG;
				SWIFT_OPTIMIZATION_LEVEL = "-Onone";
			};
			name = Debug;
		};
		C57E5748255BAF9D00120018 /* Release */ = {
			isa = XCBuildConfiguration;
			buildSettings = {
				ALWAYS_SEARCH_USER_PATHS = NO;
				CLANG_ANALYZER_NONNULL = YES;
				CLANG_ANALYZER_NUMBER_OBJECT_CONVERSION = YES_AGGRESSIVE;
				CLANG_CXX_LANGUAGE_STANDARD = "gnu++14";
				CLANG_CXX_LIBRARY = "libc++";
				CLANG_ENABLE_MODULES = YES;
				CLANG_ENABLE_OBJC_ARC = YES;
				CLANG_ENABLE_OBJC_WEAK = YES;
				CLANG_WARN_BLOCK_CAPTURE_AUTORELEASING = YES;
				CLANG_WARN_BOOL_CONVERSION = YES;
				CLANG_WARN_COMMA = YES;
				CLANG_WARN_CONSTANT_CONVERSION = YES;
				CLANG_WARN_DEPRECATED_OBJC_IMPLEMENTATIONS = YES;
				CLANG_WARN_DIRECT_OBJC_ISA_USAGE = YES_ERROR;
				CLANG_WARN_DOCUMENTATION_COMMENTS = YES;
				CLANG_WARN_EMPTY_BODY = YES;
				CLANG_WARN_ENUM_CONVERSION = YES;
				CLANG_WARN_INFINITE_RECURSION = YES;
				CLANG_WARN_INT_CONVERSION = YES;
				CLANG_WARN_NON_LITERAL_NULL_CONVERSION = YES;
				CLANG_WARN_OBJC_IMPLICIT_RETAIN_SELF = YES;
				CLANG_WARN_OBJC_LITERAL_CONVERSION = YES;
				CLANG_WARN_OBJC_ROOT_CLASS = YES_ERROR;
				CLANG_WARN_QUOTED_INCLUDE_IN_FRAMEWORK_HEADER = YES;
				CLANG_WARN_RANGE_LOOP_ANALYSIS = YES;
				CLANG_WARN_STRICT_PROTOTYPES = YES;
				CLANG_WARN_SUSPICIOUS_MOVE = YES;
				CLANG_WARN_UNGUARDED_AVAILABILITY = YES_AGGRESSIVE;
				CLANG_WARN_UNREACHABLE_CODE = YES;
				CLANG_WARN__DUPLICATE_METHOD_MATCH = YES;
				COPY_PHASE_STRIP = NO;
				DEBUG_INFORMATION_FORMAT = "dwarf-with-dsym";
				ENABLE_NS_ASSERTIONS = NO;
				ENABLE_STRICT_OBJC_MSGSEND = YES;
				GCC_C_LANGUAGE_STANDARD = gnu11;
				GCC_NO_COMMON_BLOCKS = YES;
				GCC_WARN_64_TO_32_BIT_CONVERSION = YES;
				GCC_WARN_ABOUT_RETURN_TYPE = YES_ERROR;
				GCC_WARN_UNDECLARED_SELECTOR = YES;
				GCC_WARN_UNINITIALIZED_AUTOS = YES_AGGRESSIVE;
				GCC_WARN_UNUSED_FUNCTION = YES;
				GCC_WARN_UNUSED_VARIABLE = YES;
				IPHONEOS_DEPLOYMENT_TARGET = 14.1;
				MTL_ENABLE_DEBUG_INFO = NO;
				MTL_FAST_MATH = YES;
				SDKROOT = iphoneos;
				SWIFT_COMPILATION_MODE = wholemodule;
				SWIFT_OPTIMIZATION_LEVEL = "-O";
				VALIDATE_PRODUCT = YES;
			};
			name = Release;
		};
		C57E574A255BAF9D00120018 /* Debug */ = {
			isa = XCBuildConfiguration;
			baseConfigurationReference = BB7C8A351FB4D2372B8F6BAF /* Pods-FelineFinder.debug.xcconfig */;
			buildSettings = {
				ASSETCATALOG_COMPILER_APPICON_NAME = AppIcon;
				ASSETCATALOG_COMPILER_GLOBAL_ACCENT_COLOR_NAME = AccentColor;
				CLANG_ENABLE_MODULES = YES;
				CODE_SIGN_ENTITLEMENTS = FelineFinder/FelineFinder.entitlements;
				CODE_SIGN_STYLE = Automatic;
				CURRENT_PROJECT_VERSION = 20;
				DEVELOPMENT_TEAM = BVC6BMPCPP;
				INFOPLIST_FILE = FelineFinder/Info.plist;
				IPHONEOS_DEPLOYMENT_TARGET = 12.3;
				LD_RUNPATH_SEARCH_PATHS = (
					"$(inherited)",
					"@executable_path/Frameworks",
				);
				MARKETING_VERSION = 5.0;
				PRODUCT_BUNDLE_IDENTIFIER = com.gregorysiosgames.catapp;
				PRODUCT_NAME = "$(TARGET_NAME)";
				SWIFT_OBJC_BRIDGING_HEADER = "FelineFinder/ObjectiveCCode/FelineFinder-Bridging-Header.h";
				SWIFT_OPTIMIZATION_LEVEL = "-Onone";
				SWIFT_VERSION = 5.0;
				TARGETED_DEVICE_FAMILY = "1,2";
			};
			name = Debug;
		};
		C57E574B255BAF9D00120018 /* Release */ = {
			isa = XCBuildConfiguration;
			baseConfigurationReference = 71F68C1D049D00694F9F0FD2 /* Pods-FelineFinder.release.xcconfig */;
			buildSettings = {
				ASSETCATALOG_COMPILER_APPICON_NAME = AppIcon;
				ASSETCATALOG_COMPILER_GLOBAL_ACCENT_COLOR_NAME = AccentColor;
				CLANG_ENABLE_MODULES = YES;
				CODE_SIGN_ENTITLEMENTS = FelineFinder/FelineFinder.entitlements;
				CODE_SIGN_STYLE = Automatic;
				CURRENT_PROJECT_VERSION = 20;
				DEVELOPMENT_TEAM = BVC6BMPCPP;
				INFOPLIST_FILE = FelineFinder/Info.plist;
				IPHONEOS_DEPLOYMENT_TARGET = 12.3;
				LD_RUNPATH_SEARCH_PATHS = (
					"$(inherited)",
					"@executable_path/Frameworks",
				);
				MARKETING_VERSION = 5.0;
				PRODUCT_BUNDLE_IDENTIFIER = com.gregorysiosgames.catapp;
				PRODUCT_NAME = "$(TARGET_NAME)";
				SWIFT_OBJC_BRIDGING_HEADER = "FelineFinder/ObjectiveCCode/FelineFinder-Bridging-Header.h";
				SWIFT_VERSION = 5.0;
				TARGETED_DEVICE_FAMILY = "1,2";
			};
			name = Release;
		};
/* End XCBuildConfiguration section */

/* Begin XCConfigurationList section */
		C57E5730255BAF9B00120018 /* Build configuration list for PBXProject "FelineFinder" */ = {
			isa = XCConfigurationList;
			buildConfigurations = (
				C57E5747255BAF9D00120018 /* Debug */,
				C57E5748255BAF9D00120018 /* Release */,
			);
			defaultConfigurationIsVisible = 0;
			defaultConfigurationName = Release;
		};
		C57E5749255BAF9D00120018 /* Build configuration list for PBXNativeTarget "FelineFinder" */ = {
			isa = XCConfigurationList;
			buildConfigurations = (
				C57E574A255BAF9D00120018 /* Debug */,
				C57E574B255BAF9D00120018 /* Release */,
			);
			defaultConfigurationIsVisible = 0;
			defaultConfigurationName = Release;
		};
/* End XCConfigurationList section */
	};
	rootObject = C57E572D255BAF9B00120018 /* Project object */;
}
